// !$*UTF8*$!
{
	archiveVersion = 1;
	classes = {
	};
	objectVersion = 54;
	objects = {

/* Begin PBXBuildFile section */
		D50E69A525C41BA100B054BB /* SceneDelegate.swift in Sources */ = {isa = PBXBuildFile; fileRef = D50E69A425C41BA100B054BB /* SceneDelegate.swift */; };
		D513460B2684F84E00583AE3 /* WatchWidget.swift in Sources */ = {isa = PBXBuildFile; fileRef = D513460A2684F80A00583AE3 /* WatchWidget.swift */; };
		D52CD64526170F8E00A2FF81 /* SeximalNumbers.swift in Sources */ = {isa = PBXBuildFile; fileRef = D52CD64426170F8E00A2FF81 /* SeximalNumbers.swift */; };
		D52CD64C2617132F00A2FF81 /* CGPoint+Distance.swift in Sources */ = {isa = PBXBuildFile; fileRef = D52CD64B2617132F00A2FF81 /* CGPoint+Distance.swift */; };
		D52CD64E2617134F00A2FF81 /* CalculatorButtons.swift in Sources */ = {isa = PBXBuildFile; fileRef = D52CD64D2617134F00A2FF81 /* CalculatorButtons.swift */; };
		D542ABD525C17F9F0090E4AA /* Optional+Ternary.swift in Sources */ = {isa = PBXBuildFile; fileRef = D542ABD425C17F9F0090E4AA /* Optional+Ternary.swift */; };
		D542ABDC25C1929E0090E4AA /* Calculator.swift in Sources */ = {isa = PBXBuildFile; fileRef = D542ABDB25C1929E0090E4AA /* Calculator.swift */; };
		D54EB1D22684D4F400256E61 /* AppState.swift in Sources */ = {isa = PBXBuildFile; fileRef = D54EB1D12684D4F300256E61 /* AppState.swift */; };
		D54EB1D42684DCAF00256E61 /* CalendarWidget.swift in Sources */ = {isa = PBXBuildFile; fileRef = D54EB1D02684CFB400256E61 /* CalendarWidget.swift */; };
		D572F54D25BF7FE000BD3CE8 /* SexTimeView.swift in Sources */ = {isa = PBXBuildFile; fileRef = D572F54C25BF7FE000BD3CE8 /* SexTimeView.swift */; };
		D574CA7C268A364200B36563 /* WatchDelegate.swift in Sources */ = {isa = PBXBuildFile; fileRef = D574CA7B268A364200B36563 /* WatchDelegate.swift */; };
		D587590B26871C200010D441 /* WeekdayWidget.swift in Sources */ = {isa = PBXBuildFile; fileRef = D587590926871C0A0010D441 /* WeekdayWidget.swift */; };
		D587590D268720950010D441 /* SexTime.swift in Sources */ = {isa = PBXBuildFile; fileRef = D587590C268720950010D441 /* SexTime.swift */; };
		D587590E268721DE0010D441 /* SexTime.swift in Sources */ = {isa = PBXBuildFile; fileRef = D587590C268720950010D441 /* SexTime.swift */; };
		D597177D2688974400A84BA9 /* AppState.swift in Sources */ = {isa = PBXBuildFile; fileRef = D54EB1D12684D4F300256E61 /* AppState.swift */; };
		D59717892688C63D00A84BA9 /* Assets.xcassets in Resources */ = {isa = PBXBuildFile; fileRef = D59717882688C63D00A84BA9 /* Assets.xcassets */; };
		D597178F2688C63D00A84BA9 /* seximal WatchKit Extension.appex in Embed App Extensions */ = {isa = PBXBuildFile; fileRef = D597178E2688C63D00A84BA9 /* seximal WatchKit Extension.appex */; settings = {ATTRIBUTES = (RemoveHeadersOnCopy, ); }; };
		D59717942688C63D00A84BA9 /* WatchContentView.swift in Sources */ = {isa = PBXBuildFile; fileRef = D59717932688C63D00A84BA9 /* WatchContentView.swift */; };
		D59717962688C63D00A84BA9 /* SeximalWatchApp.swift in Sources */ = {isa = PBXBuildFile; fileRef = D59717952688C63D00A84BA9 /* SeximalWatchApp.swift */; };
		D59717982688C63D00A84BA9 /* ComplicationController.swift in Sources */ = {isa = PBXBuildFile; fileRef = D59717972688C63D00A84BA9 /* ComplicationController.swift */; };
		D597179D2688C63F00A84BA9 /* Preview Assets.xcassets in Resources */ = {isa = PBXBuildFile; fileRef = D597179C2688C63F00A84BA9 /* Preview Assets.xcassets */; };
		D59717AC2688C67F00A84BA9 /* SexTime.swift in Sources */ = {isa = PBXBuildFile; fileRef = D587590C268720950010D441 /* SexTime.swift */; };
		D59717AD2688C68B00A84BA9 /* Base.swift in Sources */ = {isa = PBXBuildFile; fileRef = D5D8BE5C25BF1C3A0066CF30 /* Base.swift */; };
		D59717AF2688C6AE00A84BA9 /* CalculatorButtons.swift in Sources */ = {isa = PBXBuildFile; fileRef = D52CD64D2617134F00A2FF81 /* CalculatorButtons.swift */; };
		D59717B02688C6C400A84BA9 /* SexTimeView.swift in Sources */ = {isa = PBXBuildFile; fileRef = D572F54C25BF7FE000BD3CE8 /* SexTimeView.swift */; };
		D59717B12688C6C600A84BA9 /* MonthView.swift in Sources */ = {isa = PBXBuildFile; fileRef = D5F6BE6025C0396600E37D72 /* MonthView.swift */; };
		D59717B32688C6D400A84BA9 /* ClockView.swift in Sources */ = {isa = PBXBuildFile; fileRef = D5B51590268769F600079B31 /* ClockView.swift */; };
		D59717B42688C6D600A84BA9 /* ClockMarks.swift in Sources */ = {isa = PBXBuildFile; fileRef = D5DA825826848E0C00ACAAB7 /* ClockMarks.swift */; };
		D59717B52688C77C00A84BA9 /* Optional+Ternary.swift in Sources */ = {isa = PBXBuildFile; fileRef = D542ABD425C17F9F0090E4AA /* Optional+Ternary.swift */; };
		D59717B62688C78800A84BA9 /* SeximalNumbers.swift in Sources */ = {isa = PBXBuildFile; fileRef = D52CD64426170F8E00A2FF81 /* SeximalNumbers.swift */; };
		D59717B72688C7AA00A84BA9 /* time.intentdefinition in Sources */ = {isa = PBXBuildFile; fileRef = D5DA824A2684887800ACAAB7 /* time.intentdefinition */; };
		D59717B82688C7B900A84BA9 /* Calculator.swift in Sources */ = {isa = PBXBuildFile; fileRef = D542ABDB25C1929E0090E4AA /* Calculator.swift */; };
		D59717B92688C8A800A84BA9 /* CalculatorAction.swift in Sources */ = {isa = PBXBuildFile; fileRef = D599104625C32F3500A8C571 /* CalculatorAction.swift */; };
		D59717BA2688C90300A84BA9 /* LengthUnit.swift in Sources */ = {isa = PBXBuildFile; fileRef = D5B5725725C058C7003087FA /* LengthUnit.swift */; };
		D59717BB2688C91000A84BA9 /* Constraint.swift in Sources */ = {isa = PBXBuildFile; fileRef = D5DA825C2684978400ACAAB7 /* Constraint.swift */; };
		D59717BE2688D16400A84BA9 /* WatchCalculatorView.swift in Sources */ = {isa = PBXBuildFile; fileRef = D59717BD2688D16400A84BA9 /* WatchCalculatorView.swift */; };
		D59717C02688DACC00A84BA9 /* WatchClockView.swift in Sources */ = {isa = PBXBuildFile; fileRef = D59717BF2688DACC00A84BA9 /* WatchClockView.swift */; };
		D599104725C32F3500A8C571 /* CalculatorAction.swift in Sources */ = {isa = PBXBuildFile; fileRef = D599104625C32F3500A8C571 /* CalculatorAction.swift */; };
		D59EC2742684AA1900BB13EF /* MonthView.swift in Sources */ = {isa = PBXBuildFile; fileRef = D5F6BE6025C0396600E37D72 /* MonthView.swift */; };
		D59EC2752684ABBD00BB13EF /* LengthUnit.swift in Sources */ = {isa = PBXBuildFile; fileRef = D5B5725725C058C7003087FA /* LengthUnit.swift */; };
		D5B51591268769F600079B31 /* ClockView.swift in Sources */ = {isa = PBXBuildFile; fileRef = D5B51590268769F600079B31 /* ClockView.swift */; };
		D5B51592268769F600079B31 /* ClockView.swift in Sources */ = {isa = PBXBuildFile; fileRef = D5B51590268769F600079B31 /* ClockView.swift */; };
		D5B515932687722B00079B31 /* ClockMarks.swift in Sources */ = {isa = PBXBuildFile; fileRef = D5DA825826848E0C00ACAAB7 /* ClockMarks.swift */; };
		D5B5725525C05709003087FA /* LengthConverterView.swift in Sources */ = {isa = PBXBuildFile; fileRef = D5B5725425C05709003087FA /* LengthConverterView.swift */; };
		D5B5725825C058C7003087FA /* LengthUnit.swift in Sources */ = {isa = PBXBuildFile; fileRef = D5B5725725C058C7003087FA /* LengthUnit.swift */; };
		D5B8B3D02689BC3700CD1E81 /* WatchCalendarView.swift in Sources */ = {isa = PBXBuildFile; fileRef = D5B8B3CF2689BC3700CD1E81 /* WatchCalendarView.swift */; };
		D5D8BE4025BF18F20066CF30 /* SeximalApp.swift in Sources */ = {isa = PBXBuildFile; fileRef = D5D8BE3F25BF18F20066CF30 /* SeximalApp.swift */; };
		D5D8BE4225BF18F20066CF30 /* ContentView.swift in Sources */ = {isa = PBXBuildFile; fileRef = D5D8BE4125BF18F20066CF30 /* ContentView.swift */; };
		D5D8BE4425BF18F30066CF30 /* Assets.xcassets in Resources */ = {isa = PBXBuildFile; fileRef = D5D8BE4325BF18F30066CF30 /* Assets.xcassets */; };
		D5D8BE4725BF18F30066CF30 /* Preview Assets.xcassets in Resources */ = {isa = PBXBuildFile; fileRef = D5D8BE4625BF18F30066CF30 /* Preview Assets.xcassets */; };
		D5D8BE5025BF19450066CF30 /* NumberConverterView.swift in Sources */ = {isa = PBXBuildFile; fileRef = D5D8BE4F25BF19450066CF30 /* NumberConverterView.swift */; };
		D5D8BE5325BF1A4C0066CF30 /* CalculaturView.swift in Sources */ = {isa = PBXBuildFile; fileRef = D5D8BE5225BF1A4C0066CF30 /* CalculaturView.swift */; };
		D5D8BE5625BF1A620066CF30 /* AboutView.swift in Sources */ = {isa = PBXBuildFile; fileRef = D5D8BE5525BF1A620066CF30 /* AboutView.swift */; };
		D5D8BE5925BF1B110066CF30 /* ConverterListView.swift in Sources */ = {isa = PBXBuildFile; fileRef = D5D8BE5825BF1B110066CF30 /* ConverterListView.swift */; };
		D5D8BE5D25BF1C3A0066CF30 /* Base.swift in Sources */ = {isa = PBXBuildFile; fileRef = D5D8BE5C25BF1C3A0066CF30 /* Base.swift */; };
		D5D8BE6025BF1EE90066CF30 /* CCCConverterView.swift in Sources */ = {isa = PBXBuildFile; fileRef = D5D8BE5F25BF1EE90066CF30 /* CCCConverterView.swift */; };
		D5D8BE6325BF2B5E0066CF30 /* Pronounciator.swift in Sources */ = {isa = PBXBuildFile; fileRef = D5D8BE6225BF2B5E0066CF30 /* Pronounciator.swift */; };
		D5DA82452684887800ACAAB7 /* WidgetKit.framework in Frameworks */ = {isa = PBXBuildFile; fileRef = D5DA82232684628C00ACAAB7 /* WidgetKit.framework */; };
		D5DA82462684887800ACAAB7 /* SwiftUI.framework in Frameworks */ = {isa = PBXBuildFile; fileRef = D5DA82252684628C00ACAAB7 /* SwiftUI.framework */; };
		D5DA82492684887800ACAAB7 /* time.swift in Sources */ = {isa = PBXBuildFile; fileRef = D5DA82482684887800ACAAB7 /* time.swift */; };
		D5DA824E2684887B00ACAAB7 /* time.intentdefinition in Sources */ = {isa = PBXBuildFile; fileRef = D5DA824A2684887800ACAAB7 /* time.intentdefinition */; };
		D5DA824F2684887B00ACAAB7 /* time.intentdefinition in Sources */ = {isa = PBXBuildFile; fileRef = D5DA824A2684887800ACAAB7 /* time.intentdefinition */; };
		D5DA82522684887B00ACAAB7 /* timeExtension.appex in Embed App Extensions */ = {isa = PBXBuildFile; fileRef = D5DA82442684887800ACAAB7 /* timeExtension.appex */; settings = {ATTRIBUTES = (RemoveHeadersOnCopy, ); }; };
		D5DA82572684899F00ACAAB7 /* ClockFace.swift in Sources */ = {isa = PBXBuildFile; fileRef = D5DA823E268483FD00ACAAB7 /* ClockFace.swift */; };
		D5DA825A26848E1000ACAAB7 /* ClockMarks.swift in Sources */ = {isa = PBXBuildFile; fileRef = D5DA825826848E0C00ACAAB7 /* ClockMarks.swift */; };
		D5DA825D2684978400ACAAB7 /* Constraint.swift in Sources */ = {isa = PBXBuildFile; fileRef = D5DA825C2684978400ACAAB7 /* Constraint.swift */; };
		D5DA825E268497A600ACAAB7 /* Constraint.swift in Sources */ = {isa = PBXBuildFile; fileRef = D5DA825C2684978400ACAAB7 /* Constraint.swift */; };
		D5DA825F26849A9000ACAAB7 /* SeximalNumbers.swift in Sources */ = {isa = PBXBuildFile; fileRef = D52CD64426170F8E00A2FF81 /* SeximalNumbers.swift */; };
		D5DADFD82689F915004CD40A /* Assets.xcassets in Resources */ = {isa = PBXBuildFile; fileRef = D5DA824B2684887B00ACAAB7 /* Assets.xcassets */; };
		D5DB3211268DEC2C003E7D35 /* UI.swift in Sources */ = {isa = PBXBuildFile; fileRef = D5DB3210268DEC2C003E7D35 /* UI.swift */; };
		D5DB3212268DEC30003E7D35 /* UI.swift in Sources */ = {isa = PBXBuildFile; fileRef = D5DB3210268DEC2C003E7D35 /* UI.swift */; };
		D5DB3213268DEC31003E7D35 /* UI.swift in Sources */ = {isa = PBXBuildFile; fileRef = D5DB3210268DEC2C003E7D35 /* UI.swift */; };
		D5DB3215268DF3A8003E7D35 /* Assets.xcassets in Resources */ = {isa = PBXBuildFile; fileRef = D59717992688C63F00A84BA9 /* Assets.xcassets */; };
		D5DB322D268E10E3003E7D35 /* seximal WatchKit App.app in Embed Watch Content */ = {isa = PBXBuildFile; fileRef = D59717832688C63A00A84BA9 /* seximal WatchKit App.app */; platformFilter = ios; settings = {ATTRIBUTES = (RemoveHeadersOnCopy, ); }; };
		D5F6BE6125C0396600E37D72 /* MonthView.swift in Sources */ = {isa = PBXBuildFile; fileRef = D5F6BE6025C0396600E37D72 /* MonthView.swift */; };
/* End PBXBuildFile section */

/* Begin PBXContainerItemProxy section */
		D59717902688C63D00A84BA9 /* PBXContainerItemProxy */ = {
			isa = PBXContainerItemProxy;
			containerPortal = D5D8BE3425BF18F20066CF30 /* Project object */;
			proxyType = 1;
			remoteGlobalIDString = D597178D2688C63D00A84BA9;
			remoteInfo = "seximalWatch WatchKit Extension";
		};
		D5DA82502684887B00ACAAB7 /* PBXContainerItemProxy */ = {
			isa = PBXContainerItemProxy;
			containerPortal = D5D8BE3425BF18F20066CF30 /* Project object */;
			proxyType = 1;
			remoteGlobalIDString = D5DA82432684887800ACAAB7;
			remoteInfo = timeExtension;
		};
		D5DB322E268E10E3003E7D35 /* PBXContainerItemProxy */ = {
			isa = PBXContainerItemProxy;
			containerPortal = D5D8BE3425BF18F20066CF30 /* Project object */;
			proxyType = 1;
			remoteGlobalIDString = D59717822688C63A00A84BA9;
			remoteInfo = "seximalWatch WatchKit App";
		};
/* End PBXContainerItemProxy section */

/* Begin PBXCopyFilesBuildPhase section */
		D59717A42688C63F00A84BA9 /* Embed App Extensions */ = {
			isa = PBXCopyFilesBuildPhase;
			buildActionMask = 2147483647;
			dstPath = "";
			dstSubfolderSpec = 13;
			files = (
				D597178F2688C63D00A84BA9 /* seximal WatchKit Extension.appex in Embed App Extensions */,
			);
			name = "Embed App Extensions";
			runOnlyForDeploymentPostprocessing = 0;
		};
		D5DA82342684628E00ACAAB7 /* Embed App Extensions */ = {
			isa = PBXCopyFilesBuildPhase;
			buildActionMask = 2147483647;
			dstPath = "";
			dstSubfolderSpec = 13;
			files = (
				D5DA82522684887B00ACAAB7 /* timeExtension.appex in Embed App Extensions */,
			);
			name = "Embed App Extensions";
			runOnlyForDeploymentPostprocessing = 0;
		};
		D5DB3230268E10E3003E7D35 /* Embed Watch Content */ = {
			isa = PBXCopyFilesBuildPhase;
			buildActionMask = 2147483647;
			dstPath = "$(CONTENTS_FOLDER_PATH)/Watch";
			dstSubfolderSpec = 16;
			files = (
				D5DB322D268E10E3003E7D35 /* seximal WatchKit App.app in Embed Watch Content */,
			);
			name = "Embed Watch Content";
			runOnlyForDeploymentPostprocessing = 0;
		};
/* End PBXCopyFilesBuildPhase section */

/* Begin PBXFileReference section */
		D50E69A425C41BA100B054BB /* SceneDelegate.swift */ = {isa = PBXFileReference; lastKnownFileType = sourcecode.swift; path = SceneDelegate.swift; sourceTree = "<group>"; };
		D513460A2684F80A00583AE3 /* WatchWidget.swift */ = {isa = PBXFileReference; lastKnownFileType = sourcecode.swift; path = WatchWidget.swift; sourceTree = "<group>"; };
		D52CD64426170F8E00A2FF81 /* SeximalNumbers.swift */ = {isa = PBXFileReference; lastKnownFileType = sourcecode.swift; path = SeximalNumbers.swift; sourceTree = "<group>"; };
		D52CD64B2617132F00A2FF81 /* CGPoint+Distance.swift */ = {isa = PBXFileReference; lastKnownFileType = sourcecode.swift; path = "CGPoint+Distance.swift"; sourceTree = "<group>"; };
		D52CD64D2617134F00A2FF81 /* CalculatorButtons.swift */ = {isa = PBXFileReference; lastKnownFileType = sourcecode.swift; path = CalculatorButtons.swift; sourceTree = "<group>"; };
		D542ABD425C17F9F0090E4AA /* Optional+Ternary.swift */ = {isa = PBXFileReference; lastKnownFileType = sourcecode.swift; path = "Optional+Ternary.swift"; sourceTree = "<group>"; };
		D542ABDB25C1929E0090E4AA /* Calculator.swift */ = {isa = PBXFileReference; lastKnownFileType = sourcecode.swift; path = Calculator.swift; sourceTree = "<group>"; };
		D54EB1D02684CFB400256E61 /* CalendarWidget.swift */ = {isa = PBXFileReference; lastKnownFileType = sourcecode.swift; path = CalendarWidget.swift; sourceTree = "<group>"; };
		D54EB1D12684D4F300256E61 /* AppState.swift */ = {isa = PBXFileReference; lastKnownFileType = sourcecode.swift; path = AppState.swift; sourceTree = "<group>"; };
		D572F54C25BF7FE000BD3CE8 /* SexTimeView.swift */ = {isa = PBXFileReference; lastKnownFileType = sourcecode.swift; path = SexTimeView.swift; sourceTree = "<group>"; };
		D574CA7B268A364200B36563 /* WatchDelegate.swift */ = {isa = PBXFileReference; lastKnownFileType = sourcecode.swift; path = WatchDelegate.swift; sourceTree = "<group>"; };
		D587590926871C0A0010D441 /* WeekdayWidget.swift */ = {isa = PBXFileReference; lastKnownFileType = sourcecode.swift; path = WeekdayWidget.swift; sourceTree = "<group>"; };
		D587590C268720950010D441 /* SexTime.swift */ = {isa = PBXFileReference; lastKnownFileType = sourcecode.swift; path = SexTime.swift; sourceTree = "<group>"; };
		D59717832688C63A00A84BA9 /* seximal WatchKit App.app */ = {isa = PBXFileReference; explicitFileType = wrapper.application; includeInIndex = 0; path = "seximal WatchKit App.app"; sourceTree = BUILT_PRODUCTS_DIR; };
		D59717882688C63D00A84BA9 /* Assets.xcassets */ = {isa = PBXFileReference; lastKnownFileType = folder.assetcatalog; path = Assets.xcassets; sourceTree = "<group>"; };
		D597178E2688C63D00A84BA9 /* seximal WatchKit Extension.appex */ = {isa = PBXFileReference; explicitFileType = "wrapper.app-extension"; includeInIndex = 0; path = "seximal WatchKit Extension.appex"; sourceTree = BUILT_PRODUCTS_DIR; };
		D59717932688C63D00A84BA9 /* WatchContentView.swift */ = {isa = PBXFileReference; lastKnownFileType = sourcecode.swift; path = WatchContentView.swift; sourceTree = "<group>"; };
		D59717952688C63D00A84BA9 /* SeximalWatchApp.swift */ = {isa = PBXFileReference; lastKnownFileType = sourcecode.swift; path = SeximalWatchApp.swift; sourceTree = "<group>"; };
		D59717972688C63D00A84BA9 /* ComplicationController.swift */ = {isa = PBXFileReference; lastKnownFileType = sourcecode.swift; path = ComplicationController.swift; sourceTree = "<group>"; };
		D59717992688C63F00A84BA9 /* Assets.xcassets */ = {isa = PBXFileReference; lastKnownFileType = folder.assetcatalog; path = Assets.xcassets; sourceTree = "<group>"; };
		D597179C2688C63F00A84BA9 /* Preview Assets.xcassets */ = {isa = PBXFileReference; lastKnownFileType = folder.assetcatalog; path = "Preview Assets.xcassets"; sourceTree = "<group>"; };
		D597179E2688C63F00A84BA9 /* Info.plist */ = {isa = PBXFileReference; lastKnownFileType = text.plist.xml; path = Info.plist; sourceTree = "<group>"; };
		D59717BD2688D16400A84BA9 /* WatchCalculatorView.swift */ = {isa = PBXFileReference; lastKnownFileType = sourcecode.swift; path = WatchCalculatorView.swift; sourceTree = "<group>"; };
		D59717BF2688DACC00A84BA9 /* WatchClockView.swift */ = {isa = PBXFileReference; lastKnownFileType = sourcecode.swift; path = WatchClockView.swift; sourceTree = "<group>"; };
		D599104625C32F3500A8C571 /* CalculatorAction.swift */ = {isa = PBXFileReference; lastKnownFileType = sourcecode.swift; path = CalculatorAction.swift; sourceTree = "<group>"; };
		D599104925C3326900A8C571 /* seximal.entitlements */ = {isa = PBXFileReference; lastKnownFileType = text.plist.entitlements; path = seximal.entitlements; sourceTree = "<group>"; };
		D5B51590268769F600079B31 /* ClockView.swift */ = {isa = PBXFileReference; lastKnownFileType = sourcecode.swift; path = ClockView.swift; sourceTree = "<group>"; };
		D5B5725425C05709003087FA /* LengthConverterView.swift */ = {isa = PBXFileReference; lastKnownFileType = sourcecode.swift; path = LengthConverterView.swift; sourceTree = "<group>"; };
		D5B5725725C058C7003087FA /* LengthUnit.swift */ = {isa = PBXFileReference; lastKnownFileType = sourcecode.swift; path = LengthUnit.swift; sourceTree = "<group>"; };
		D5B8B3CF2689BC3700CD1E81 /* WatchCalendarView.swift */ = {isa = PBXFileReference; lastKnownFileType = sourcecode.swift; path = WatchCalendarView.swift; sourceTree = "<group>"; };
		D5D8BE3C25BF18F20066CF30 /* seximal.app */ = {isa = PBXFileReference; explicitFileType = wrapper.application; includeInIndex = 0; path = seximal.app; sourceTree = BUILT_PRODUCTS_DIR; };
		D5D8BE3F25BF18F20066CF30 /* SeximalApp.swift */ = {isa = PBXFileReference; lastKnownFileType = sourcecode.swift; path = SeximalApp.swift; sourceTree = "<group>"; };
		D5D8BE4125BF18F20066CF30 /* ContentView.swift */ = {isa = PBXFileReference; lastKnownFileType = sourcecode.swift; path = ContentView.swift; sourceTree = "<group>"; };
		D5D8BE4325BF18F30066CF30 /* Assets.xcassets */ = {isa = PBXFileReference; lastKnownFileType = folder.assetcatalog; path = Assets.xcassets; sourceTree = "<group>"; };
		D5D8BE4625BF18F30066CF30 /* Preview Assets.xcassets */ = {isa = PBXFileReference; lastKnownFileType = folder.assetcatalog; path = "Preview Assets.xcassets"; sourceTree = "<group>"; };
		D5D8BE4825BF18F30066CF30 /* Info.plist */ = {isa = PBXFileReference; lastKnownFileType = text.plist.xml; path = Info.plist; sourceTree = "<group>"; };
		D5D8BE4F25BF19450066CF30 /* NumberConverterView.swift */ = {isa = PBXFileReference; lastKnownFileType = sourcecode.swift; path = NumberConverterView.swift; sourceTree = "<group>"; };
		D5D8BE5225BF1A4C0066CF30 /* CalculaturView.swift */ = {isa = PBXFileReference; lastKnownFileType = sourcecode.swift; path = CalculaturView.swift; sourceTree = "<group>"; };
		D5D8BE5525BF1A620066CF30 /* AboutView.swift */ = {isa = PBXFileReference; lastKnownFileType = sourcecode.swift; path = AboutView.swift; sourceTree = "<group>"; };
		D5D8BE5825BF1B110066CF30 /* ConverterListView.swift */ = {isa = PBXFileReference; lastKnownFileType = sourcecode.swift; path = ConverterListView.swift; sourceTree = "<group>"; };
		D5D8BE5C25BF1C3A0066CF30 /* Base.swift */ = {isa = PBXFileReference; lastKnownFileType = sourcecode.swift; path = Base.swift; sourceTree = "<group>"; };
		D5D8BE5F25BF1EE90066CF30 /* CCCConverterView.swift */ = {isa = PBXFileReference; lastKnownFileType = sourcecode.swift; path = CCCConverterView.swift; sourceTree = "<group>"; };
		D5D8BE6225BF2B5E0066CF30 /* Pronounciator.swift */ = {isa = PBXFileReference; lastKnownFileType = sourcecode.swift; path = Pronounciator.swift; sourceTree = "<group>"; };
		D5DA82232684628C00ACAAB7 /* WidgetKit.framework */ = {isa = PBXFileReference; lastKnownFileType = wrapper.framework; name = WidgetKit.framework; path = System/Library/Frameworks/WidgetKit.framework; sourceTree = SDKROOT; };
		D5DA82252684628C00ACAAB7 /* SwiftUI.framework */ = {isa = PBXFileReference; lastKnownFileType = wrapper.framework; name = SwiftUI.framework; path = System/Library/Frameworks/SwiftUI.framework; sourceTree = SDKROOT; };
		D5DA823E268483FD00ACAAB7 /* ClockFace.swift */ = {isa = PBXFileReference; lastKnownFileType = sourcecode.swift; path = ClockFace.swift; sourceTree = "<group>"; };
		D5DA82442684887800ACAAB7 /* timeExtension.appex */ = {isa = PBXFileReference; explicitFileType = "wrapper.app-extension"; includeInIndex = 0; path = timeExtension.appex; sourceTree = BUILT_PRODUCTS_DIR; };
		D5DA82482684887800ACAAB7 /* time.swift */ = {isa = PBXFileReference; lastKnownFileType = sourcecode.swift; path = time.swift; sourceTree = "<group>"; };
		D5DA824A2684887800ACAAB7 /* time.intentdefinition */ = {isa = PBXFileReference; lastKnownFileType = file.intentdefinition; path = time.intentdefinition; sourceTree = "<group>"; };
		D5DA824B2684887B00ACAAB7 /* Assets.xcassets */ = {isa = PBXFileReference; lastKnownFileType = folder.assetcatalog; path = Assets.xcassets; sourceTree = "<group>"; };
		D5DA824D2684887B00ACAAB7 /* Info.plist */ = {isa = PBXFileReference; lastKnownFileType = text.plist.xml; path = Info.plist; sourceTree = "<group>"; };
		D5DA82532684887B00ACAAB7 /* timeExtension.entitlements */ = {isa = PBXFileReference; lastKnownFileType = text.plist.entitlements; path = timeExtension.entitlements; sourceTree = "<group>"; };
		D5DA825826848E0C00ACAAB7 /* ClockMarks.swift */ = {isa = PBXFileReference; lastKnownFileType = sourcecode.swift; path = ClockMarks.swift; sourceTree = "<group>"; };
		D5DA825C2684978400ACAAB7 /* Constraint.swift */ = {isa = PBXFileReference; lastKnownFileType = sourcecode.swift; path = Constraint.swift; sourceTree = "<group>"; };
		D5DB3210268DEC2C003E7D35 /* UI.swift */ = {isa = PBXFileReference; fileEncoding = 4; lastKnownFileType = sourcecode.swift; path = UI.swift; sourceTree = "<group>"; };
		D5DB3214268DEC66003E7D35 /* Info.plist */ = {isa = PBXFileReference; lastKnownFileType = text.plist.xml; path = Info.plist; sourceTree = "<group>"; };
		D5F6BE6025C0396600E37D72 /* MonthView.swift */ = {isa = PBXFileReference; lastKnownFileType = sourcecode.swift; path = MonthView.swift; sourceTree = "<group>"; };
/* End PBXFileReference section */

/* Begin PBXFrameworksBuildPhase section */
		D597178B2688C63D00A84BA9 /* Frameworks */ = {
			isa = PBXFrameworksBuildPhase;
			buildActionMask = 2147483647;
			files = (
			);
			runOnlyForDeploymentPostprocessing = 0;
		};
		D5D8BE3925BF18F20066CF30 /* Frameworks */ = {
			isa = PBXFrameworksBuildPhase;
			buildActionMask = 2147483647;
			files = (
			);
			runOnlyForDeploymentPostprocessing = 0;
		};
		D5DA82412684887800ACAAB7 /* Frameworks */ = {
			isa = PBXFrameworksBuildPhase;
			buildActionMask = 2147483647;
			files = (
				D5DA82462684887800ACAAB7 /* SwiftUI.framework in Frameworks */,
				D5DA82452684887800ACAAB7 /* WidgetKit.framework in Frameworks */,
			);
			runOnlyForDeploymentPostprocessing = 0;
		};
/* End PBXFrameworksBuildPhase section */

/* Begin PBXGroup section */
		D513460C2684F94200583AE3 /* WatchWidget */ = {
			isa = PBXGroup;
			children = (
				D513460A2684F80A00583AE3 /* WatchWidget.swift */,
				D5DA823E268483FD00ACAAB7 /* ClockFace.swift */,
				D5B51590268769F600079B31 /* ClockView.swift */,
				D5DA825826848E0C00ACAAB7 /* ClockMarks.swift */,
			);
			path = WatchWidget;
			sourceTree = "<group>";
		};
		D52CD64626170FAE00A2FF81 /* UI */ = {
			isa = PBXGroup;
			children = (
				D5D8BE4125BF18F20066CF30 /* ContentView.swift */,
				D5D8BE5525BF1A620066CF30 /* AboutView.swift */,
				D52CD64F2617135400A2FF81 /* Calculator */,
				D52CD64726170FC300A2FF81 /* Converter */,
				D52CD64826170FD600A2FF81 /* Calendar */,
			);
			path = UI;
			sourceTree = "<group>";
		};
		D52CD64726170FC300A2FF81 /* Converter */ = {
			isa = PBXGroup;
			children = (
				D5D8BE5F25BF1EE90066CF30 /* CCCConverterView.swift */,
				D5D8BE4F25BF19450066CF30 /* NumberConverterView.swift */,
				D5B5725425C05709003087FA /* LengthConverterView.swift */,
				D5D8BE5825BF1B110066CF30 /* ConverterListView.swift */,
			);
			path = Converter;
			sourceTree = "<group>";
		};
		D52CD64826170FD600A2FF81 /* Calendar */ = {
			isa = PBXGroup;
			children = (
				D572F54C25BF7FE000BD3CE8 /* SexTimeView.swift */,
				D5F6BE6025C0396600E37D72 /* MonthView.swift */,
			);
			path = Calendar;
			sourceTree = "<group>";
		};
		D52CD6492617100A00A2FF81 /* Helper */ = {
			isa = PBXGroup;
			children = (
				D5DA825C2684978400ACAAB7 /* Constraint.swift */,
				D542ABD425C17F9F0090E4AA /* Optional+Ternary.swift */,
				D5D8BE6225BF2B5E0066CF30 /* Pronounciator.swift */,
				D5B5725725C058C7003087FA /* LengthUnit.swift */,
				D52CD64426170F8E00A2FF81 /* SeximalNumbers.swift */,
				D52CD64B2617132F00A2FF81 /* CGPoint+Distance.swift */,
				D5DB3210268DEC2C003E7D35 /* UI.swift */,
			);
			path = Helper;
			sourceTree = "<group>";
		};
		D52CD64A2617104400A2FF81 /* Models */ = {
			isa = PBXGroup;
			children = (
				D5D8BE5C25BF1C3A0066CF30 /* Base.swift */,
				D54EB1D12684D4F300256E61 /* AppState.swift */,
				D599104625C32F3500A8C571 /* CalculatorAction.swift */,
				D542ABDB25C1929E0090E4AA /* Calculator.swift */,
				D587590C268720950010D441 /* SexTime.swift */,
			);
			path = Models;
			sourceTree = "<group>";
		};
		D52CD64F2617135400A2FF81 /* Calculator */ = {
			isa = PBXGroup;
			children = (
				D5D8BE5225BF1A4C0066CF30 /* CalculaturView.swift */,
				D52CD64D2617134F00A2FF81 /* CalculatorButtons.swift */,
			);
			path = Calculator;
			sourceTree = "<group>";
		};
		D59717872688C63A00A84BA9 /* seximal WatchKit App */ = {
			isa = PBXGroup;
			children = (
				D59717882688C63D00A84BA9 /* Assets.xcassets */,
				D5DB3214268DEC66003E7D35 /* Info.plist */,
			);
			path = "seximal WatchKit App";
			sourceTree = "<group>";
		};
		D59717922688C63D00A84BA9 /* seximal WatchKit Extension */ = {
			isa = PBXGroup;
			children = (
				D59717952688C63D00A84BA9 /* SeximalWatchApp.swift */,
				D574CA7B268A364200B36563 /* WatchDelegate.swift */,
				D59717932688C63D00A84BA9 /* WatchContentView.swift */,
				D59717BD2688D16400A84BA9 /* WatchCalculatorView.swift */,
				D5B8B3CF2689BC3700CD1E81 /* WatchCalendarView.swift */,
				D59717BF2688DACC00A84BA9 /* WatchClockView.swift */,
				D59717972688C63D00A84BA9 /* ComplicationController.swift */,
				D59717992688C63F00A84BA9 /* Assets.xcassets */,
				D597179E2688C63F00A84BA9 /* Info.plist */,
				D597179B2688C63F00A84BA9 /* Preview Content */,
			);
			path = "seximal WatchKit Extension";
			sourceTree = "<group>";
		};
		D597179B2688C63F00A84BA9 /* Preview Content */ = {
			isa = PBXGroup;
			children = (
				D597179C2688C63F00A84BA9 /* Preview Assets.xcassets */,
			);
			path = "Preview Content";
			sourceTree = "<group>";
		};
		D5D8BE3325BF18F20066CF30 = {
			isa = PBXGroup;
			children = (
				D5DA82532684887B00ACAAB7 /* timeExtension.entitlements */,
				D5D8BE3E25BF18F20066CF30 /* seximal */,
				D5DA82472684887800ACAAB7 /* time */,
				D59717872688C63A00A84BA9 /* seximal WatchKit App */,
				D59717922688C63D00A84BA9 /* seximal WatchKit Extension */,
				D5DA82222684628C00ACAAB7 /* Frameworks */,
				D5D8BE3D25BF18F20066CF30 /* Products */,
			);
			sourceTree = "<group>";
		};
		D5D8BE3D25BF18F20066CF30 /* Products */ = {
			isa = PBXGroup;
			children = (
				D5D8BE3C25BF18F20066CF30 /* seximal.app */,
				D5DA82442684887800ACAAB7 /* timeExtension.appex */,
				D59717832688C63A00A84BA9 /* seximal WatchKit App.app */,
				D597178E2688C63D00A84BA9 /* seximal WatchKit Extension.appex */,
			);
			name = Products;
			sourceTree = "<group>";
		};
		D5D8BE3E25BF18F20066CF30 /* seximal */ = {
			isa = PBXGroup;
			children = (
				D599104925C3326900A8C571 /* seximal.entitlements */,
				D5D8BE3F25BF18F20066CF30 /* SeximalApp.swift */,
				D50E69A425C41BA100B054BB /* SceneDelegate.swift */,
				D52CD64A2617104400A2FF81 /* Models */,
				D52CD6492617100A00A2FF81 /* Helper */,
				D52CD64626170FAE00A2FF81 /* UI */,
				D5D8BE4325BF18F30066CF30 /* Assets.xcassets */,
				D5D8BE4825BF18F30066CF30 /* Info.plist */,
				D5D8BE4525BF18F30066CF30 /* Preview Content */,
			);
			path = seximal;
			sourceTree = "<group>";
		};
		D5D8BE4525BF18F30066CF30 /* Preview Content */ = {
			isa = PBXGroup;
			children = (
				D5D8BE4625BF18F30066CF30 /* Preview Assets.xcassets */,
			);
			path = "Preview Content";
			sourceTree = "<group>";
		};
		D5DA82222684628C00ACAAB7 /* Frameworks */ = {
			isa = PBXGroup;
			children = (
				D5DA82232684628C00ACAAB7 /* WidgetKit.framework */,
				D5DA82252684628C00ACAAB7 /* SwiftUI.framework */,
			);
			name = Frameworks;
			sourceTree = "<group>";
		};
		D5DA82472684887800ACAAB7 /* time */ = {
			isa = PBXGroup;
			children = (
				D5DA82482684887800ACAAB7 /* time.swift */,
				D5DA824A2684887800ACAAB7 /* time.intentdefinition */,
				D513460C2684F94200583AE3 /* WatchWidget */,
				D54EB1D02684CFB400256E61 /* CalendarWidget.swift */,
				D587590926871C0A0010D441 /* WeekdayWidget.swift */,
				D5DA824B2684887B00ACAAB7 /* Assets.xcassets */,
				D5DA824D2684887B00ACAAB7 /* Info.plist */,
			);
			path = time;
			sourceTree = "<group>";
		};
/* End PBXGroup section */

/* Begin PBXNativeTarget section */
		D59717822688C63A00A84BA9 /* seximal WatchKit App */ = {
			isa = PBXNativeTarget;
			buildConfigurationList = D59717A82688C63F00A84BA9 /* Build configuration list for PBXNativeTarget "seximal WatchKit App" */;
			buildPhases = (
				D59717812688C63A00A84BA9 /* Resources */,
				D59717A42688C63F00A84BA9 /* Embed App Extensions */,
			);
			buildRules = (
			);
			dependencies = (
				D59717912688C63D00A84BA9 /* PBXTargetDependency */,
			);
			name = "seximal WatchKit App";
			productName = "seximalWatch WatchKit App";
			productReference = D59717832688C63A00A84BA9 /* seximal WatchKit App.app */;
			productType = "com.apple.product-type.application.watchapp2";
		};
		D597178D2688C63D00A84BA9 /* seximal WatchKit Extension */ = {
			isa = PBXNativeTarget;
			buildConfigurationList = D59717A72688C63F00A84BA9 /* Build configuration list for PBXNativeTarget "seximal WatchKit Extension" */;
			buildPhases = (
				D597178A2688C63D00A84BA9 /* Sources */,
				D597178B2688C63D00A84BA9 /* Frameworks */,
				D597178C2688C63D00A84BA9 /* Resources */,
			);
			buildRules = (
			);
			dependencies = (
			);
			name = "seximal WatchKit Extension";
			productName = "seximalWatch WatchKit Extension";
			productReference = D597178E2688C63D00A84BA9 /* seximal WatchKit Extension.appex */;
			productType = "com.apple.product-type.watchkit2-extension";
		};
		D5D8BE3B25BF18F20066CF30 /* seximal */ = {
			isa = PBXNativeTarget;
			buildConfigurationList = D5D8BE4B25BF18F30066CF30 /* Build configuration list for PBXNativeTarget "seximal" */;
			buildPhases = (
				D5D8BE3825BF18F20066CF30 /* Sources */,
				D5D8BE3925BF18F20066CF30 /* Frameworks */,
				D5D8BE3A25BF18F20066CF30 /* Resources */,
				D5DA82342684628E00ACAAB7 /* Embed App Extensions */,
				D5DB3230268E10E3003E7D35 /* Embed Watch Content */,
				D58F8B03279F416C00C49C95 /* SwiftLint */,
			);
			buildRules = (
			);
			dependencies = (
				D5DA82512684887B00ACAAB7 /* PBXTargetDependency */,
				D5DB322F268E10E3003E7D35 /* PBXTargetDependency */,
			);
			name = seximal;
			productName = seximal;
			productReference = D5D8BE3C25BF18F20066CF30 /* seximal.app */;
			productType = "com.apple.product-type.application";
		};
		D5DA82432684887800ACAAB7 /* timeExtension */ = {
			isa = PBXNativeTarget;
			buildConfigurationList = D5DA82542684887B00ACAAB7 /* Build configuration list for PBXNativeTarget "timeExtension" */;
			buildPhases = (
				D5DA82402684887800ACAAB7 /* Sources */,
				D5DA82412684887800ACAAB7 /* Frameworks */,
				D5DA82422684887800ACAAB7 /* Resources */,
			);
			buildRules = (
			);
			dependencies = (
			);
			name = timeExtension;
			productName = timeExtension;
			productReference = D5DA82442684887800ACAAB7 /* timeExtension.appex */;
			productType = "com.apple.product-type.app-extension";
		};
/* End PBXNativeTarget section */

/* Begin PBXProject section */
		D5D8BE3425BF18F20066CF30 /* Project object */ = {
			isa = PBXProject;
			attributes = {
				LastSwiftUpdateCheck = 1250;
				LastUpgradeCheck = 1230;
				TargetAttributes = {
					D59717822688C63A00A84BA9 = {
						CreatedOnToolsVersion = 13.0;
					};
					D597178D2688C63D00A84BA9 = {
						CreatedOnToolsVersion = 13.0;
					};
					D5D8BE3B25BF18F20066CF30 = {
						CreatedOnToolsVersion = 12.3;
					};
					D5DA82432684887800ACAAB7 = {
						CreatedOnToolsVersion = 13.0;
					};
				};
			};
			buildConfigurationList = D5D8BE3725BF18F20066CF30 /* Build configuration list for PBXProject "seximal" */;
			compatibilityVersion = "Xcode 9.3";
			developmentRegion = en;
			hasScannedForEncodings = 0;
			knownRegions = (
				en,
				Base,
			);
			mainGroup = D5D8BE3325BF18F20066CF30;
			productRefGroup = D5D8BE3D25BF18F20066CF30 /* Products */;
			projectDirPath = "";
			projectRoot = "";
			targets = (
				D5D8BE3B25BF18F20066CF30 /* seximal */,
				D5DA82432684887800ACAAB7 /* timeExtension */,
				D59717822688C63A00A84BA9 /* seximal WatchKit App */,
				D597178D2688C63D00A84BA9 /* seximal WatchKit Extension */,
			);
		};
/* End PBXProject section */

/* Begin PBXResourcesBuildPhase section */
		D59717812688C63A00A84BA9 /* Resources */ = {
			isa = PBXResourcesBuildPhase;
			buildActionMask = 2147483647;
			files = (
				D59717892688C63D00A84BA9 /* Assets.xcassets in Resources */,
			);
			runOnlyForDeploymentPostprocessing = 0;
		};
		D597178C2688C63D00A84BA9 /* Resources */ = {
			isa = PBXResourcesBuildPhase;
			buildActionMask = 2147483647;
			files = (
				D5DB3215268DF3A8003E7D35 /* Assets.xcassets in Resources */,
				D597179D2688C63F00A84BA9 /* Preview Assets.xcassets in Resources */,
			);
			runOnlyForDeploymentPostprocessing = 0;
		};
		D5D8BE3A25BF18F20066CF30 /* Resources */ = {
			isa = PBXResourcesBuildPhase;
			buildActionMask = 2147483647;
			files = (
				D5D8BE4725BF18F30066CF30 /* Preview Assets.xcassets in Resources */,
				D5D8BE4425BF18F30066CF30 /* Assets.xcassets in Resources */,
			);
			runOnlyForDeploymentPostprocessing = 0;
		};
		D5DA82422684887800ACAAB7 /* Resources */ = {
			isa = PBXResourcesBuildPhase;
			buildActionMask = 2147483647;
			files = (
				D5DADFD82689F915004CD40A /* Assets.xcassets in Resources */,
			);
			runOnlyForDeploymentPostprocessing = 0;
		};
/* End PBXResourcesBuildPhase section */

/* Begin PBXShellScriptBuildPhase section */
		D58F8B03279F416C00C49C95 /* SwiftLint */ = {
			isa = PBXShellScriptBuildPhase;
			alwaysOutOfDate = 1;
			buildActionMask = 2147483647;
			files = (
			);
			inputFileListPaths = (
			);
			inputPaths = (
			);
			name = SwiftLint;
			outputFileListPaths = (
			);
			outputPaths = (
			);
			runOnlyForDeploymentPostprocessing = 0;
			shellPath = /bin/sh;
			shellScript = "export PATH=\"$PATH:/opt/homebrew/bin\"\n\nif which swiftlint >/dev/null; then\n  swiftlint\nelse\n  echo \"warning: SwiftLint not installed, download from https://github.com/realm/SwiftLint\"\nfi\n";
		};
/* End PBXShellScriptBuildPhase section */

/* Begin PBXSourcesBuildPhase section */
		D597178A2688C63D00A84BA9 /* Sources */ = {
			isa = PBXSourcesBuildPhase;
			buildActionMask = 2147483647;
			files = (
				D59717C02688DACC00A84BA9 /* WatchClockView.swift in Sources */,
				D59717BB2688C91000A84BA9 /* Constraint.swift in Sources */,
				D59717B12688C6C600A84BA9 /* MonthView.swift in Sources */,
				D59717B72688C7AA00A84BA9 /* time.intentdefinition in Sources */,
				D59717B32688C6D400A84BA9 /* ClockView.swift in Sources */,
				D59717942688C63D00A84BA9 /* WatchContentView.swift in Sources */,
				D59717B52688C77C00A84BA9 /* Optional+Ternary.swift in Sources */,
				D59717962688C63D00A84BA9 /* SeximalWatchApp.swift in Sources */,
				D59717AF2688C6AE00A84BA9 /* CalculatorButtons.swift in Sources */,
				D59717B82688C7B900A84BA9 /* Calculator.swift in Sources */,
				D5B8B3D02689BC3700CD1E81 /* WatchCalendarView.swift in Sources */,
				D59717B92688C8A800A84BA9 /* CalculatorAction.swift in Sources */,
				D59717B42688C6D600A84BA9 /* ClockMarks.swift in Sources */,
				D59717AC2688C67F00A84BA9 /* SexTime.swift in Sources */,
				D59717AD2688C68B00A84BA9 /* Base.swift in Sources */,
				D574CA7C268A364200B36563 /* WatchDelegate.swift in Sources */,
				D59717BA2688C90300A84BA9 /* LengthUnit.swift in Sources */,
				D59717B02688C6C400A84BA9 /* SexTimeView.swift in Sources */,
				D59717B62688C78800A84BA9 /* SeximalNumbers.swift in Sources */,
				D5DB3212268DEC30003E7D35 /* UI.swift in Sources */,
				D59717BE2688D16400A84BA9 /* WatchCalculatorView.swift in Sources */,
				D59717982688C63D00A84BA9 /* ComplicationController.swift in Sources */,
			);
			runOnlyForDeploymentPostprocessing = 0;
		};
		D5D8BE3825BF18F20066CF30 /* Sources */ = {
			isa = PBXSourcesBuildPhase;
			buildActionMask = 2147483647;
			files = (
				D5DA825E268497A600ACAAB7 /* Constraint.swift in Sources */,
				D5F6BE6125C0396600E37D72 /* MonthView.swift in Sources */,
				D5D8BE5025BF19450066CF30 /* NumberConverterView.swift in Sources */,
				D5D8BE6325BF2B5E0066CF30 /* Pronounciator.swift in Sources */,
				D5D8BE5925BF1B110066CF30 /* ConverterListView.swift in Sources */,
				D5B515932687722B00079B31 /* ClockMarks.swift in Sources */,
				D5DA824F2684887B00ACAAB7 /* time.intentdefinition in Sources */,
				D5D8BE4225BF18F20066CF30 /* ContentView.swift in Sources */,
				D5B5725825C058C7003087FA /* LengthUnit.swift in Sources */,
				D5B5725525C05709003087FA /* LengthConverterView.swift in Sources */,
				D5D8BE5325BF1A4C0066CF30 /* CalculaturView.swift in Sources */,
				D542ABDC25C1929E0090E4AA /* Calculator.swift in Sources */,
				D599104725C32F3500A8C571 /* CalculatorAction.swift in Sources */,
				D52CD64526170F8E00A2FF81 /* SeximalNumbers.swift in Sources */,
				D587590D268720950010D441 /* SexTime.swift in Sources */,
				D5D8BE4025BF18F20066CF30 /* SeximalApp.swift in Sources */,
				D5D8BE6025BF1EE90066CF30 /* CCCConverterView.swift in Sources */,
				D54EB1D22684D4F400256E61 /* AppState.swift in Sources */,
				D5D8BE5D25BF1C3A0066CF30 /* Base.swift in Sources */,
				D52CD64C2617132F00A2FF81 /* CGPoint+Distance.swift in Sources */,
				D5DB3211268DEC2C003E7D35 /* UI.swift in Sources */,
				D52CD64E2617134F00A2FF81 /* CalculatorButtons.swift in Sources */,
				D542ABD525C17F9F0090E4AA /* Optional+Ternary.swift in Sources */,
				D572F54D25BF7FE000BD3CE8 /* SexTimeView.swift in Sources */,
				D5B51591268769F600079B31 /* ClockView.swift in Sources */,
				D50E69A525C41BA100B054BB /* SceneDelegate.swift in Sources */,
				D5D8BE5625BF1A620066CF30 /* AboutView.swift in Sources */,
			);
			runOnlyForDeploymentPostprocessing = 0;
		};
		D5DA82402684887800ACAAB7 /* Sources */ = {
			isa = PBXSourcesBuildPhase;
			buildActionMask = 2147483647;
			files = (
				D5DA82492684887800ACAAB7 /* time.swift in Sources */,
				D5DA825A26848E1000ACAAB7 /* ClockMarks.swift in Sources */,
				D587590B26871C200010D441 /* WeekdayWidget.swift in Sources */,
				D587590E268721DE0010D441 /* SexTime.swift in Sources */,
				D5DA825D2684978400ACAAB7 /* Constraint.swift in Sources */,
				D513460B2684F84E00583AE3 /* WatchWidget.swift in Sources */,
				D5DA82572684899F00ACAAB7 /* ClockFace.swift in Sources */,
				D5DA825F26849A9000ACAAB7 /* SeximalNumbers.swift in Sources */,
				D5DB3213268DEC31003E7D35 /* UI.swift in Sources */,
				D54EB1D42684DCAF00256E61 /* CalendarWidget.swift in Sources */,
				D597177D2688974400A84BA9 /* AppState.swift in Sources */,
				D59EC2752684ABBD00BB13EF /* LengthUnit.swift in Sources */,
				D5B51592268769F600079B31 /* ClockView.swift in Sources */,
				D5DA824E2684887B00ACAAB7 /* time.intentdefinition in Sources */,
				D59EC2742684AA1900BB13EF /* MonthView.swift in Sources */,
			);
			runOnlyForDeploymentPostprocessing = 0;
		};
/* End PBXSourcesBuildPhase section */

/* Begin PBXTargetDependency section */
		D59717912688C63D00A84BA9 /* PBXTargetDependency */ = {
			isa = PBXTargetDependency;
			target = D597178D2688C63D00A84BA9 /* seximal WatchKit Extension */;
			targetProxy = D59717902688C63D00A84BA9 /* PBXContainerItemProxy */;
		};
		D5DA82512684887B00ACAAB7 /* PBXTargetDependency */ = {
			isa = PBXTargetDependency;
			target = D5DA82432684887800ACAAB7 /* timeExtension */;
			targetProxy = D5DA82502684887B00ACAAB7 /* PBXContainerItemProxy */;
		};
		D5DB322F268E10E3003E7D35 /* PBXTargetDependency */ = {
			isa = PBXTargetDependency;
			platformFilter = ios;
			target = D59717822688C63A00A84BA9 /* seximal WatchKit App */;
			targetProxy = D5DB322E268E10E3003E7D35 /* PBXContainerItemProxy */;
		};
/* End PBXTargetDependency section */

/* Begin XCBuildConfiguration section */
		D59717A22688C63F00A84BA9 /* Debug */ = {
			isa = XCBuildConfiguration;
			buildSettings = {
				ALWAYS_EMBED_SWIFT_STANDARD_LIBRARIES = YES;
				ASSETCATALOG_COMPILER_APPICON_NAME = AppIcon;
				ASSETCATALOG_COMPILER_GLOBAL_ACCENT_COLOR_NAME = AccentColor;
				ASSETCATALOG_COMPILER_INCLUDE_ALL_APPICON_ASSETS = NO;
				CODE_SIGN_STYLE = Automatic;
				DEVELOPMENT_TEAM = E3BNAMEWTS;
				GENERATE_INFOPLIST_FILE = YES;
				IBSC_MODULE = seximal_WatchKit_Extension;
				INFOPLIST_FILE = "$(SRCROOT)/seximal WatchKit App/Info.plist";
				INFOPLIST_KEY_CFBundleDisplayName = "seximal WatchKit App";
				INFOPLIST_KEY_UISupportedInterfaceOrientations = "UIInterfaceOrientationPortrait UIInterfaceOrientationPortraitUpsideDown";
				PRODUCT_BUNDLE_IDENTIFIER = me.thisIsTheFoxe.seximal.watchkitapp;
				PRODUCT_NAME = "$(TARGET_NAME)";
				SDKROOT = watchos;
				SKIP_INSTALL = YES;
				SWIFT_EMIT_LOC_STRINGS = YES;
				SWIFT_VERSION = 5.0;
				TARGETED_DEVICE_FAMILY = 4;
				WATCHOS_DEPLOYMENT_TARGET = 7.1;
			};
			name = Debug;
		};
		D59717A32688C63F00A84BA9 /* Release */ = {
			isa = XCBuildConfiguration;
			buildSettings = {
				ALWAYS_EMBED_SWIFT_STANDARD_LIBRARIES = YES;
				ASSETCATALOG_COMPILER_APPICON_NAME = AppIcon;
				ASSETCATALOG_COMPILER_GLOBAL_ACCENT_COLOR_NAME = AccentColor;
				ASSETCATALOG_COMPILER_INCLUDE_ALL_APPICON_ASSETS = NO;
				CODE_SIGN_STYLE = Automatic;
				DEVELOPMENT_TEAM = E3BNAMEWTS;
				GENERATE_INFOPLIST_FILE = YES;
				IBSC_MODULE = seximal_WatchKit_Extension;
				INFOPLIST_FILE = "$(SRCROOT)/seximal WatchKit App/Info.plist";
				INFOPLIST_KEY_CFBundleDisplayName = "seximal WatchKit App";
				INFOPLIST_KEY_UISupportedInterfaceOrientations = "UIInterfaceOrientationPortrait UIInterfaceOrientationPortraitUpsideDown";
				PRODUCT_BUNDLE_IDENTIFIER = me.thisIsTheFoxe.seximal.watchkitapp;
				PRODUCT_NAME = "$(TARGET_NAME)";
				SDKROOT = watchos;
				SKIP_INSTALL = YES;
				SWIFT_EMIT_LOC_STRINGS = YES;
				SWIFT_VERSION = 5.0;
				TARGETED_DEVICE_FAMILY = 4;
				WATCHOS_DEPLOYMENT_TARGET = 7.1;
			};
			name = Release;
		};
		D59717A52688C63F00A84BA9 /* Debug */ = {
			isa = XCBuildConfiguration;
			buildSettings = {
				ASSETCATALOG_COMPILER_COMPLICATION_NAME = Complication;
				CODE_SIGN_STYLE = Automatic;
				DEVELOPMENT_ASSET_PATHS = "\"seximal WatchKit Extension/Preview Content\"";
				DEVELOPMENT_TEAM = E3BNAMEWTS;
				ENABLE_PREVIEWS = YES;
				GENERATE_INFOPLIST_FILE = YES;
				INFOPLIST_FILE = "seximal WatchKit Extension/Info.plist";
				INFOPLIST_KEY_CFBundleDisplayName = seximal;
				INFOPLIST_KEY_CFBundleExecutable = "$(EXECUTABLE_NAME)";
				INFOPLIST_KEY_CFBundleName = "$(PRODUCT_NAME)";
				INFOPLIST_KEY_CFBundleVersion = "$(CURRENT_PROJECT_VERSION)";
				INFOPLIST_KEY_CLKComplicationPrincipalClass = "$(PRODUCT_MODULE_NAME).ComplicationController";
				INFOPLIST_KEY_NSHumanReadableCopyright = "";
				INFOPLIST_KEY_WKRunsIndependentlyOfCompanionApp = YES;
				LD_RUNPATH_SEARCH_PATHS = (
					"$(inherited)",
					"@executable_path/Frameworks",
					"@executable_path/../../Frameworks",
				);
				PRODUCT_BUNDLE_IDENTIFIER = me.thisIsTheFoxe.seximal.watchkitapp.watchkitextension;
				PRODUCT_NAME = "${TARGET_NAME}";
				SDKROOT = watchos;
				SKIP_INSTALL = YES;
				SWIFT_EMIT_LOC_STRINGS = YES;
				SWIFT_VERSION = 5.0;
				TARGETED_DEVICE_FAMILY = 4;
				WATCHOS_DEPLOYMENT_TARGET = 7.1;
			};
			name = Debug;
		};
		D59717A62688C63F00A84BA9 /* Release */ = {
			isa = XCBuildConfiguration;
			buildSettings = {
				ASSETCATALOG_COMPILER_COMPLICATION_NAME = Complication;
				CODE_SIGN_STYLE = Automatic;
				DEVELOPMENT_ASSET_PATHS = "\"seximal WatchKit Extension/Preview Content\"";
				DEVELOPMENT_TEAM = E3BNAMEWTS;
				ENABLE_PREVIEWS = YES;
				GENERATE_INFOPLIST_FILE = YES;
				INFOPLIST_FILE = "seximal WatchKit Extension/Info.plist";
				INFOPLIST_KEY_CFBundleDisplayName = seximal;
				INFOPLIST_KEY_CFBundleExecutable = "$(EXECUTABLE_NAME)";
				INFOPLIST_KEY_CFBundleName = "$(PRODUCT_NAME)";
				INFOPLIST_KEY_CFBundleVersion = "$(CURRENT_PROJECT_VERSION)";
				INFOPLIST_KEY_CLKComplicationPrincipalClass = "$(PRODUCT_MODULE_NAME).ComplicationController";
				INFOPLIST_KEY_NSHumanReadableCopyright = "";
				INFOPLIST_KEY_WKRunsIndependentlyOfCompanionApp = YES;
				LD_RUNPATH_SEARCH_PATHS = (
					"$(inherited)",
					"@executable_path/Frameworks",
					"@executable_path/../../Frameworks",
				);
				PRODUCT_BUNDLE_IDENTIFIER = me.thisIsTheFoxe.seximal.watchkitapp.watchkitextension;
				PRODUCT_NAME = "${TARGET_NAME}";
				SDKROOT = watchos;
				SKIP_INSTALL = YES;
				SWIFT_EMIT_LOC_STRINGS = YES;
				SWIFT_VERSION = 5.0;
				TARGETED_DEVICE_FAMILY = 4;
				WATCHOS_DEPLOYMENT_TARGET = 7.1;
			};
			name = Release;
		};
		D5D8BE4925BF18F30066CF30 /* Debug */ = {
			isa = XCBuildConfiguration;
			buildSettings = {
				ALWAYS_SEARCH_USER_PATHS = NO;
				CLANG_ANALYZER_NONNULL = YES;
				CLANG_ANALYZER_NUMBER_OBJECT_CONVERSION = YES_AGGRESSIVE;
				CLANG_CXX_LANGUAGE_STANDARD = "gnu++14";
				CLANG_CXX_LIBRARY = "libc++";
				CLANG_ENABLE_MODULES = YES;
				CLANG_ENABLE_OBJC_ARC = YES;
				CLANG_ENABLE_OBJC_WEAK = YES;
				CLANG_WARN_BLOCK_CAPTURE_AUTORELEASING = YES;
				CLANG_WARN_BOOL_CONVERSION = YES;
				CLANG_WARN_COMMA = YES;
				CLANG_WARN_CONSTANT_CONVERSION = YES;
				CLANG_WARN_DEPRECATED_OBJC_IMPLEMENTATIONS = YES;
				CLANG_WARN_DIRECT_OBJC_ISA_USAGE = YES_ERROR;
				CLANG_WARN_DOCUMENTATION_COMMENTS = YES;
				CLANG_WARN_EMPTY_BODY = YES;
				CLANG_WARN_ENUM_CONVERSION = YES;
				CLANG_WARN_INFINITE_RECURSION = YES;
				CLANG_WARN_INT_CONVERSION = YES;
				CLANG_WARN_NON_LITERAL_NULL_CONVERSION = YES;
				CLANG_WARN_OBJC_IMPLICIT_RETAIN_SELF = YES;
				CLANG_WARN_OBJC_LITERAL_CONVERSION = YES;
				CLANG_WARN_OBJC_ROOT_CLASS = YES_ERROR;
				CLANG_WARN_QUOTED_INCLUDE_IN_FRAMEWORK_HEADER = YES;
				CLANG_WARN_RANGE_LOOP_ANALYSIS = YES;
				CLANG_WARN_STRICT_PROTOTYPES = YES;
				CLANG_WARN_SUSPICIOUS_MOVE = YES;
				CLANG_WARN_UNGUARDED_AVAILABILITY = YES_AGGRESSIVE;
				CLANG_WARN_UNREACHABLE_CODE = YES;
				CLANG_WARN__DUPLICATE_METHOD_MATCH = YES;
				COPY_PHASE_STRIP = NO;
				CURRENT_PROJECT_VERSION = 0;
				DEBUG_INFORMATION_FORMAT = dwarf;
				ENABLE_STRICT_OBJC_MSGSEND = YES;
				ENABLE_TESTABILITY = YES;
				GCC_C_LANGUAGE_STANDARD = gnu11;
				GCC_DYNAMIC_NO_PIC = NO;
				GCC_NO_COMMON_BLOCKS = YES;
				GCC_OPTIMIZATION_LEVEL = 0;
				GCC_PREPROCESSOR_DEFINITIONS = (
					"DEBUG=1",
					"$(inherited)",
				);
				GCC_WARN_64_TO_32_BIT_CONVERSION = YES;
				GCC_WARN_ABOUT_RETURN_TYPE = YES_ERROR;
				GCC_WARN_UNDECLARED_SELECTOR = YES;
				GCC_WARN_UNINITIALIZED_AUTOS = YES_AGGRESSIVE;
				GCC_WARN_UNUSED_FUNCTION = YES;
				GCC_WARN_UNUSED_VARIABLE = YES;
				IPHONEOS_DEPLOYMENT_TARGET = 14.3;
				MARKETING_VERSION = 2.1;
				MTL_ENABLE_DEBUG_INFO = INCLUDE_SOURCE;
				MTL_FAST_MATH = YES;
				ONLY_ACTIVE_ARCH = YES;
				SDKROOT = iphoneos;
				SWIFT_ACTIVE_COMPILATION_CONDITIONS = DEBUG;
				SWIFT_OPTIMIZATION_LEVEL = "-Onone";
			};
			name = Debug;
		};
		D5D8BE4A25BF18F30066CF30 /* Release */ = {
			isa = XCBuildConfiguration;
			buildSettings = {
				ALWAYS_SEARCH_USER_PATHS = NO;
				CLANG_ANALYZER_NONNULL = YES;
				CLANG_ANALYZER_NUMBER_OBJECT_CONVERSION = YES_AGGRESSIVE;
				CLANG_CXX_LANGUAGE_STANDARD = "gnu++14";
				CLANG_CXX_LIBRARY = "libc++";
				CLANG_ENABLE_MODULES = YES;
				CLANG_ENABLE_OBJC_ARC = YES;
				CLANG_ENABLE_OBJC_WEAK = YES;
				CLANG_WARN_BLOCK_CAPTURE_AUTORELEASING = YES;
				CLANG_WARN_BOOL_CONVERSION = YES;
				CLANG_WARN_COMMA = YES;
				CLANG_WARN_CONSTANT_CONVERSION = YES;
				CLANG_WARN_DEPRECATED_OBJC_IMPLEMENTATIONS = YES;
				CLANG_WARN_DIRECT_OBJC_ISA_USAGE = YES_ERROR;
				CLANG_WARN_DOCUMENTATION_COMMENTS = YES;
				CLANG_WARN_EMPTY_BODY = YES;
				CLANG_WARN_ENUM_CONVERSION = YES;
				CLANG_WARN_INFINITE_RECURSION = YES;
				CLANG_WARN_INT_CONVERSION = YES;
				CLANG_WARN_NON_LITERAL_NULL_CONVERSION = YES;
				CLANG_WARN_OBJC_IMPLICIT_RETAIN_SELF = YES;
				CLANG_WARN_OBJC_LITERAL_CONVERSION = YES;
				CLANG_WARN_OBJC_ROOT_CLASS = YES_ERROR;
				CLANG_WARN_QUOTED_INCLUDE_IN_FRAMEWORK_HEADER = YES;
				CLANG_WARN_RANGE_LOOP_ANALYSIS = YES;
				CLANG_WARN_STRICT_PROTOTYPES = YES;
				CLANG_WARN_SUSPICIOUS_MOVE = YES;
				CLANG_WARN_UNGUARDED_AVAILABILITY = YES_AGGRESSIVE;
				CLANG_WARN_UNREACHABLE_CODE = YES;
				CLANG_WARN__DUPLICATE_METHOD_MATCH = YES;
				COPY_PHASE_STRIP = NO;
				CURRENT_PROJECT_VERSION = 0;
				DEBUG_INFORMATION_FORMAT = "dwarf-with-dsym";
				ENABLE_NS_ASSERTIONS = NO;
				ENABLE_STRICT_OBJC_MSGSEND = YES;
				GCC_C_LANGUAGE_STANDARD = gnu11;
				GCC_NO_COMMON_BLOCKS = YES;
				GCC_WARN_64_TO_32_BIT_CONVERSION = YES;
				GCC_WARN_ABOUT_RETURN_TYPE = YES_ERROR;
				GCC_WARN_UNDECLARED_SELECTOR = YES;
				GCC_WARN_UNINITIALIZED_AUTOS = YES_AGGRESSIVE;
				GCC_WARN_UNUSED_FUNCTION = YES;
				GCC_WARN_UNUSED_VARIABLE = YES;
				IPHONEOS_DEPLOYMENT_TARGET = 14.3;
				MARKETING_VERSION = 2.1;
				MTL_ENABLE_DEBUG_INFO = NO;
				MTL_FAST_MATH = YES;
				SDKROOT = iphoneos;
				SWIFT_COMPILATION_MODE = wholemodule;
				SWIFT_OPTIMIZATION_LEVEL = "-O";
				VALIDATE_PRODUCT = YES;
			};
			name = Release;
		};
		D5D8BE4C25BF18F30066CF30 /* Debug */ = {
			isa = XCBuildConfiguration;
			buildSettings = {
				ALWAYS_EMBED_SWIFT_STANDARD_LIBRARIES = YES;
				ASSETCATALOG_COMPILER_APPICON_NAME = AppIcon;
				ASSETCATALOG_COMPILER_GLOBAL_ACCENT_COLOR_NAME = AccentColor;
				CODE_SIGN_ENTITLEMENTS = seximal/seximal.entitlements;
				CODE_SIGN_STYLE = Automatic;
				DEVELOPMENT_ASSET_PATHS = "\"seximal/Preview Content\"";
				DEVELOPMENT_TEAM = E3BNAMEWTS;
				"ENABLE_HARDENED_RUNTIME[sdk=macosx*]" = NO;
				ENABLE_PREVIEWS = YES;
				INFOPLIST_FILE = seximal/Info.plist;
				IPHONEOS_DEPLOYMENT_TARGET = 14.1;
				LD_RUNPATH_SEARCH_PATHS = (
					"$(inherited)",
					"@executable_path/Frameworks",
				);
				PRODUCT_BUNDLE_IDENTIFIER = me.thisIsTheFoxe.seximal;
				PRODUCT_NAME = "$(TARGET_NAME)";
				SUPPORTS_MACCATALYST = YES;
				SUPPORTS_MAC_DESIGNED_FOR_IPHONE_IPAD = YES;
				SWIFT_VERSION = 5.0;
				TARGETED_DEVICE_FAMILY = "1,2,6";
			};
			name = Debug;
		};
		D5D8BE4D25BF18F30066CF30 /* Release */ = {
			isa = XCBuildConfiguration;
			buildSettings = {
				ALWAYS_EMBED_SWIFT_STANDARD_LIBRARIES = YES;
				ASSETCATALOG_COMPILER_APPICON_NAME = AppIcon;
				ASSETCATALOG_COMPILER_GLOBAL_ACCENT_COLOR_NAME = AccentColor;
				CODE_SIGN_ENTITLEMENTS = seximal/seximal.entitlements;
				CODE_SIGN_STYLE = Automatic;
				DEVELOPMENT_ASSET_PATHS = "\"seximal/Preview Content\"";
				DEVELOPMENT_TEAM = E3BNAMEWTS;
				"ENABLE_HARDENED_RUNTIME[sdk=macosx*]" = NO;
				ENABLE_PREVIEWS = YES;
				INFOPLIST_FILE = seximal/Info.plist;
				IPHONEOS_DEPLOYMENT_TARGET = 14.1;
				LD_RUNPATH_SEARCH_PATHS = (
					"$(inherited)",
					"@executable_path/Frameworks",
				);
				PRODUCT_BUNDLE_IDENTIFIER = me.thisIsTheFoxe.seximal;
				PRODUCT_NAME = "$(TARGET_NAME)";
				SUPPORTS_MACCATALYST = YES;
				SUPPORTS_MAC_DESIGNED_FOR_IPHONE_IPAD = YES;
				SWIFT_VERSION = 5.0;
				TARGETED_DEVICE_FAMILY = "1,2,6";
			};
			name = Release;
		};
		D5DA82552684887B00ACAAB7 /* Debug */ = {
			isa = XCBuildConfiguration;
			buildSettings = {
				ASSETCATALOG_COMPILER_GLOBAL_ACCENT_COLOR_NAME = AccentColor;
				ASSETCATALOG_COMPILER_WIDGET_BACKGROUND_COLOR_NAME = WidgetBackground;
				CODE_SIGN_ENTITLEMENTS = timeExtension.entitlements;
				CODE_SIGN_STYLE = Automatic;
				DEVELOPMENT_TEAM = E3BNAMEWTS;
				GENERATE_INFOPLIST_FILE = YES;
				INFOPLIST_FILE = time/Info.plist;
				INFOPLIST_KEY_CFBundleDisplayName = time;
				INFOPLIST_KEY_CFBundleExecutable = timeExtension;
				INFOPLIST_KEY_CFBundleName = timeExtension;
				INFOPLIST_KEY_CFBundleVersion = 11;
				INFOPLIST_KEY_NSHumanReadableCopyright = "";
				IPHONEOS_DEPLOYMENT_TARGET = 14.1;
				LD_RUNPATH_SEARCH_PATHS = (
					"$(inherited)",
					"@executable_path/Frameworks",
					"@executable_path/../../Frameworks",
				);
				PRODUCT_BUNDLE_IDENTIFIER = me.thisIsTheFoxe.seximal.time;
				PRODUCT_NAME = "$(TARGET_NAME)";
				SKIP_INSTALL = YES;
				SUPPORTS_MACCATALYST = YES;
				SWIFT_EMIT_LOC_STRINGS = YES;
				SWIFT_VERSION = 5.0;
				TARGETED_DEVICE_FAMILY = "1,2";
			};
			name = Debug;
		};
		D5DA82562684887B00ACAAB7 /* Release */ = {
			isa = XCBuildConfiguration;
			buildSettings = {
				ASSETCATALOG_COMPILER_GLOBAL_ACCENT_COLOR_NAME = AccentColor;
				ASSETCATALOG_COMPILER_WIDGET_BACKGROUND_COLOR_NAME = WidgetBackground;
				CODE_SIGN_ENTITLEMENTS = timeExtension.entitlements;
				CODE_SIGN_STYLE = Automatic;
				DEVELOPMENT_TEAM = E3BNAMEWTS;
				GENERATE_INFOPLIST_FILE = YES;
				INFOPLIST_FILE = time/Info.plist;
				INFOPLIST_KEY_CFBundleDisplayName = time;
				INFOPLIST_KEY_CFBundleExecutable = timeExtension;
				INFOPLIST_KEY_CFBundleName = timeExtension;
				INFOPLIST_KEY_CFBundleVersion = 11;
				INFOPLIST_KEY_NSHumanReadableCopyright = "";
				IPHONEOS_DEPLOYMENT_TARGET = 14.1;
				LD_RUNPATH_SEARCH_PATHS = (
					"$(inherited)",
					"@executable_path/Frameworks",
					"@executable_path/../../Frameworks",
				);
				PRODUCT_BUNDLE_IDENTIFIER = me.thisIsTheFoxe.seximal.time;
				PRODUCT_NAME = "$(TARGET_NAME)";
				SKIP_INSTALL = YES;
				SUPPORTS_MACCATALYST = YES;
				SWIFT_EMIT_LOC_STRINGS = YES;
				SWIFT_VERSION = 5.0;
				TARGETED_DEVICE_FAMILY = "1,2";
			};
			name = Release;
		};
/* End XCBuildConfiguration section */

/* Begin XCConfigurationList section */
		D59717A72688C63F00A84BA9 /* Build configuration list for PBXNativeTarget "seximal WatchKit Extension" */ = {
			isa = XCConfigurationList;
			buildConfigurations = (
				D59717A52688C63F00A84BA9 /* Debug */,
				D59717A62688C63F00A84BA9 /* Release */,
			);
			defaultConfigurationIsVisible = 0;
			defaultConfigurationName = Release;
		};
		D59717A82688C63F00A84BA9 /* Build configuration list for PBXNativeTarget "seximal WatchKit App" */ = {
			isa = XCConfigurationList;
			buildConfigurations = (
				D59717A22688C63F00A84BA9 /* Debug */,
				D59717A32688C63F00A84BA9 /* Release */,
			);
			defaultConfigurationIsVisible = 0;
			defaultConfigurationName = Release;
		};
		D5D8BE3725BF18F20066CF30 /* Build configuration list for PBXProject "seximal" */ = {
			isa = XCConfigurationList;
			buildConfigurations = (
				D5D8BE4925BF18F30066CF30 /* Debug */,
				D5D8BE4A25BF18F30066CF30 /* Release */,
			);
			defaultConfigurationIsVisible = 0;
			defaultConfigurationName = Release;
		};
		D5D8BE4B25BF18F30066CF30 /* Build configuration list for PBXNativeTarget "seximal" */ = {
			isa = XCConfigurationList;
			buildConfigurations = (
				D5D8BE4C25BF18F30066CF30 /* Debug */,
				D5D8BE4D25BF18F30066CF30 /* Release */,
			);
			defaultConfigurationIsVisible = 0;
			defaultConfigurationName = Release;
		};
		D5DA82542684887B00ACAAB7 /* Build configuration list for PBXNativeTarget "timeExtension" */ = {
			isa = XCConfigurationList;
			buildConfigurations = (
				D5DA82552684887B00ACAAB7 /* Debug */,
				D5DA82562684887B00ACAAB7 /* Release */,
			);
			defaultConfigurationIsVisible = 0;
			defaultConfigurationName = Release;
		};
/* End XCConfigurationList section */
	};
	rootObject = D5D8BE3425BF18F20066CF30 /* Project object */;
}
