// !$*UTF8*$!
{
	archiveVersion = 1;
	classes = {
	};
	objectVersion = 50;
	objects = {

/* Begin PBXBuildFile section */
		D50E69A525C41BA100B054BB /* SceneDelegate.swift in Sources */ = {isa = PBXBuildFile; fileRef = D50E69A425C41BA100B054BB /* SceneDelegate.swift */; };
		D52CD64526170F8E00A2FF81 /* SeximalNumbers.swift in Sources */ = {isa = PBXBuildFile; fileRef = D52CD64426170F8E00A2FF81 /* SeximalNumbers.swift */; };
		D542ABD525C17F9F0090E4AA /* Optional+Ternary.swift in Sources */ = {isa = PBXBuildFile; fileRef = D542ABD425C17F9F0090E4AA /* Optional+Ternary.swift */; };
		D542ABDC25C1929E0090E4AA /* Calculator.swift in Sources */ = {isa = PBXBuildFile; fileRef = D542ABDB25C1929E0090E4AA /* Calculator.swift */; };
		D572F54D25BF7FE000BD3CE8 /* SexTimeView.swift in Sources */ = {isa = PBXBuildFile; fileRef = D572F54C25BF7FE000BD3CE8 /* SexTimeView.swift */; };
		D599104725C32F3500A8C571 /* CalculatorAction.swift in Sources */ = {isa = PBXBuildFile; fileRef = D599104625C32F3500A8C571 /* CalculatorAction.swift */; };
		D5B5725525C05709003087FA /* LengthConverterView.swift in Sources */ = {isa = PBXBuildFile; fileRef = D5B5725425C05709003087FA /* LengthConverterView.swift */; };
		D5B5725825C058C7003087FA /* LengthUnit.swift in Sources */ = {isa = PBXBuildFile; fileRef = D5B5725725C058C7003087FA /* LengthUnit.swift */; };
		D5D8BE4025BF18F20066CF30 /* seximalApp.swift in Sources */ = {isa = PBXBuildFile; fileRef = D5D8BE3F25BF18F20066CF30 /* seximalApp.swift */; };
		D5D8BE4225BF18F20066CF30 /* ContentView.swift in Sources */ = {isa = PBXBuildFile; fileRef = D5D8BE4125BF18F20066CF30 /* ContentView.swift */; };
		D5D8BE4425BF18F30066CF30 /* Assets.xcassets in Resources */ = {isa = PBXBuildFile; fileRef = D5D8BE4325BF18F30066CF30 /* Assets.xcassets */; };
		D5D8BE4725BF18F30066CF30 /* Preview Assets.xcassets in Resources */ = {isa = PBXBuildFile; fileRef = D5D8BE4625BF18F30066CF30 /* Preview Assets.xcassets */; };
		D5D8BE5025BF19450066CF30 /* NumberConverterView.swift in Sources */ = {isa = PBXBuildFile; fileRef = D5D8BE4F25BF19450066CF30 /* NumberConverterView.swift */; };
		D5D8BE5325BF1A4C0066CF30 /* CalculaturView.swift in Sources */ = {isa = PBXBuildFile; fileRef = D5D8BE5225BF1A4C0066CF30 /* CalculaturView.swift */; };
		D5D8BE5625BF1A620066CF30 /* AboutView.swift in Sources */ = {isa = PBXBuildFile; fileRef = D5D8BE5525BF1A620066CF30 /* AboutView.swift */; };
		D5D8BE5925BF1B110066CF30 /* ConverterListView.swift in Sources */ = {isa = PBXBuildFile; fileRef = D5D8BE5825BF1B110066CF30 /* ConverterListView.swift */; };
		D5D8BE5D25BF1C3A0066CF30 /* Base.swift in Sources */ = {isa = PBXBuildFile; fileRef = D5D8BE5C25BF1C3A0066CF30 /* Base.swift */; };
		D5D8BE6025BF1EE90066CF30 /* CCCConverterView.swift in Sources */ = {isa = PBXBuildFile; fileRef = D5D8BE5F25BF1EE90066CF30 /* CCCConverterView.swift */; };
		D5D8BE6325BF2B5E0066CF30 /* Pronounciator.swift in Sources */ = {isa = PBXBuildFile; fileRef = D5D8BE6225BF2B5E0066CF30 /* Pronounciator.swift */; };
		D5F6BE6125C0396600E37D72 /* MonthView.swift in Sources */ = {isa = PBXBuildFile; fileRef = D5F6BE6025C0396600E37D72 /* MonthView.swift */; };
/* End PBXBuildFile section */

/* Begin PBXFileReference section */
		D50E69A425C41BA100B054BB /* SceneDelegate.swift */ = {isa = PBXFileReference; lastKnownFileType = sourcecode.swift; path = SceneDelegate.swift; sourceTree = "<group>"; };
		D52CD64426170F8E00A2FF81 /* SeximalNumbers.swift */ = {isa = PBXFileReference; lastKnownFileType = sourcecode.swift; path = SeximalNumbers.swift; sourceTree = "<group>"; };
		D542ABD425C17F9F0090E4AA /* Optional+Ternary.swift */ = {isa = PBXFileReference; lastKnownFileType = sourcecode.swift; path = "Optional+Ternary.swift"; sourceTree = "<group>"; };
		D542ABDB25C1929E0090E4AA /* Calculator.swift */ = {isa = PBXFileReference; lastKnownFileType = sourcecode.swift; path = Calculator.swift; sourceTree = "<group>"; };
		D572F54C25BF7FE000BD3CE8 /* SexTimeView.swift */ = {isa = PBXFileReference; lastKnownFileType = sourcecode.swift; path = SexTimeView.swift; sourceTree = "<group>"; };
		D599104625C32F3500A8C571 /* CalculatorAction.swift */ = {isa = PBXFileReference; lastKnownFileType = sourcecode.swift; path = CalculatorAction.swift; sourceTree = "<group>"; };
		D599104925C3326900A8C571 /* seximal.entitlements */ = {isa = PBXFileReference; lastKnownFileType = text.plist.entitlements; path = seximal.entitlements; sourceTree = "<group>"; };
		D5B5725425C05709003087FA /* LengthConverterView.swift */ = {isa = PBXFileReference; lastKnownFileType = sourcecode.swift; path = LengthConverterView.swift; sourceTree = "<group>"; };
		D5B5725725C058C7003087FA /* LengthUnit.swift */ = {isa = PBXFileReference; lastKnownFileType = sourcecode.swift; path = LengthUnit.swift; sourceTree = "<group>"; };
		D5D8BE3C25BF18F20066CF30 /* seximal.app */ = {isa = PBXFileReference; explicitFileType = wrapper.application; includeInIndex = 0; path = seximal.app; sourceTree = BUILT_PRODUCTS_DIR; };
		D5D8BE3F25BF18F20066CF30 /* seximalApp.swift */ = {isa = PBXFileReference; lastKnownFileType = sourcecode.swift; path = seximalApp.swift; sourceTree = "<group>"; };
		D5D8BE4125BF18F20066CF30 /* ContentView.swift */ = {isa = PBXFileReference; lastKnownFileType = sourcecode.swift; path = ContentView.swift; sourceTree = "<group>"; };
		D5D8BE4325BF18F30066CF30 /* Assets.xcassets */ = {isa = PBXFileReference; lastKnownFileType = folder.assetcatalog; path = Assets.xcassets; sourceTree = "<group>"; };
		D5D8BE4625BF18F30066CF30 /* Preview Assets.xcassets */ = {isa = PBXFileReference; lastKnownFileType = folder.assetcatalog; path = "Preview Assets.xcassets"; sourceTree = "<group>"; };
		D5D8BE4825BF18F30066CF30 /* Info.plist */ = {isa = PBXFileReference; lastKnownFileType = text.plist.xml; path = Info.plist; sourceTree = "<group>"; };
		D5D8BE4F25BF19450066CF30 /* NumberConverterView.swift */ = {isa = PBXFileReference; lastKnownFileType = sourcecode.swift; path = NumberConverterView.swift; sourceTree = "<group>"; };
		D5D8BE5225BF1A4C0066CF30 /* CalculaturView.swift */ = {isa = PBXFileReference; lastKnownFileType = sourcecode.swift; path = CalculaturView.swift; sourceTree = "<group>"; };
		D5D8BE5525BF1A620066CF30 /* AboutView.swift */ = {isa = PBXFileReference; lastKnownFileType = sourcecode.swift; path = AboutView.swift; sourceTree = "<group>"; };
		D5D8BE5825BF1B110066CF30 /* ConverterListView.swift */ = {isa = PBXFileReference; lastKnownFileType = sourcecode.swift; path = ConverterListView.swift; sourceTree = "<group>"; };
		D5D8BE5C25BF1C3A0066CF30 /* Base.swift */ = {isa = PBXFileReference; lastKnownFileType = sourcecode.swift; path = Base.swift; sourceTree = "<group>"; };
		D5D8BE5F25BF1EE90066CF30 /* CCCConverterView.swift */ = {isa = PBXFileReference; lastKnownFileType = sourcecode.swift; path = CCCConverterView.swift; sourceTree = "<group>"; };
		D5D8BE6225BF2B5E0066CF30 /* Pronounciator.swift */ = {isa = PBXFileReference; lastKnownFileType = sourcecode.swift; path = Pronounciator.swift; sourceTree = "<group>"; };
		D5F6BE6025C0396600E37D72 /* MonthView.swift */ = {isa = PBXFileReference; lastKnownFileType = sourcecode.swift; path = MonthView.swift; sourceTree = "<group>"; };
/* End PBXFileReference section */

/* Begin PBXFrameworksBuildPhase section */
		D5D8BE3925BF18F20066CF30 /* Frameworks */ = {
			isa = PBXFrameworksBuildPhase;
			buildActionMask = 2147483647;
			files = (
			);
			runOnlyForDeploymentPostprocessing = 0;
		};
/* End PBXFrameworksBuildPhase section */

/* Begin PBXGroup section */
		D52CD64626170FAE00A2FF81 /* UI */ = {
			isa = PBXGroup;
			children = (
				D5D8BE4125BF18F20066CF30 /* ContentView.swift */,
				D5D8BE5525BF1A620066CF30 /* AboutView.swift */,
				D52CD64726170FC300A2FF81 /* Converter */,
				D52CD64826170FD600A2FF81 /* Calendar */,
			);
			path = UI;
			sourceTree = "<group>";
		};
		D52CD64726170FC300A2FF81 /* Converter */ = {
			isa = PBXGroup;
			children = (
				D5D8BE5F25BF1EE90066CF30 /* CCCConverterView.swift */,
				D5D8BE4F25BF19450066CF30 /* NumberConverterView.swift */,
				D5B5725425C05709003087FA /* LengthConverterView.swift */,
				D5D8BE5825BF1B110066CF30 /* ConverterListView.swift */,
			);
			path = Converter;
			sourceTree = "<group>";
		};
		D52CD64826170FD600A2FF81 /* Calendar */ = {
			isa = PBXGroup;
			children = (
				D572F54C25BF7FE000BD3CE8 /* SexTimeView.swift */,
				D5F6BE6025C0396600E37D72 /* MonthView.swift */,
				D5D8BE5225BF1A4C0066CF30 /* CalculaturView.swift */,
			);
			path = Calendar;
			sourceTree = "<group>";
		};
		D52CD6492617100A00A2FF81 /* Helper */ = {
			isa = PBXGroup;
			children = (
				D542ABD425C17F9F0090E4AA /* Optional+Ternary.swift */,
				D5D8BE6225BF2B5E0066CF30 /* Pronounciator.swift */,
				D5B5725725C058C7003087FA /* LengthUnit.swift */,
				D52CD64426170F8E00A2FF81 /* SeximalNumbers.swift */,
			);
			path = Helper;
			sourceTree = "<group>";
		};
		D52CD64A2617104400A2FF81 /* Models */ = {
			isa = PBXGroup;
			children = (
				D5D8BE5C25BF1C3A0066CF30 /* Base.swift */,
				D599104625C32F3500A8C571 /* CalculatorAction.swift */,
				D542ABDB25C1929E0090E4AA /* Calculator.swift */,
			);
			path = Models;
			sourceTree = "<group>";
		};
		D5D8BE3325BF18F20066CF30 = {
			isa = PBXGroup;
			children = (
				D5D8BE3E25BF18F20066CF30 /* seximal */,
				D5D8BE3D25BF18F20066CF30 /* Products */,
			);
			sourceTree = "<group>";
		};
		D5D8BE3D25BF18F20066CF30 /* Products */ = {
			isa = PBXGroup;
			children = (
				D5D8BE3C25BF18F20066CF30 /* seximal.app */,
			);
			name = Products;
			sourceTree = "<group>";
		};
		D5D8BE3E25BF18F20066CF30 /* seximal */ = {
			isa = PBXGroup;
			children = (
				D599104925C3326900A8C571 /* seximal.entitlements */,
				D5D8BE3F25BF18F20066CF30 /* seximalApp.swift */,
				D50E69A425C41BA100B054BB /* SceneDelegate.swift */,
				D52CD64A2617104400A2FF81 /* Models */,
				D52CD6492617100A00A2FF81 /* Helper */,
				D52CD64626170FAE00A2FF81 /* UI */,
				D5D8BE4325BF18F30066CF30 /* Assets.xcassets */,
				D5D8BE4825BF18F30066CF30 /* Info.plist */,
				D5D8BE4525BF18F30066CF30 /* Preview Content */,
			);
			path = seximal;
			sourceTree = "<group>";
		};
		D5D8BE4525BF18F30066CF30 /* Preview Content */ = {
			isa = PBXGroup;
			children = (
				D5D8BE4625BF18F30066CF30 /* Preview Assets.xcassets */,
			);
			path = "Preview Content";
			sourceTree = "<group>";
		};
/* End PBXGroup section */

/* Begin PBXNativeTarget section */
		D5D8BE3B25BF18F20066CF30 /* seximal */ = {
			isa = PBXNativeTarget;
			buildConfigurationList = D5D8BE4B25BF18F30066CF30 /* Build configuration list for PBXNativeTarget "seximal" */;
			buildPhases = (
				D5D8BE3825BF18F20066CF30 /* Sources */,
				D5D8BE3925BF18F20066CF30 /* Frameworks */,
				D5D8BE3A25BF18F20066CF30 /* Resources */,
			);
			buildRules = (
			);
			dependencies = (
			);
			name = seximal;
			productName = seximal;
			productReference = D5D8BE3C25BF18F20066CF30 /* seximal.app */;
			productType = "com.apple.product-type.application";
		};
/* End PBXNativeTarget section */

/* Begin PBXProject section */
		D5D8BE3425BF18F20066CF30 /* Project object */ = {
			isa = PBXProject;
			attributes = {
				LastSwiftUpdateCheck = 1230;
				LastUpgradeCheck = 1230;
				TargetAttributes = {
					D5D8BE3B25BF18F20066CF30 = {
						CreatedOnToolsVersion = 12.3;
					};
				};
			};
			buildConfigurationList = D5D8BE3725BF18F20066CF30 /* Build configuration list for PBXProject "seximal" */;
			compatibilityVersion = "Xcode 9.3";
			developmentRegion = en;
			hasScannedForEncodings = 0;
			knownRegions = (
				en,
				Base,
			);
			mainGroup = D5D8BE3325BF18F20066CF30;
			productRefGroup = D5D8BE3D25BF18F20066CF30 /* Products */;
			projectDirPath = "";
			projectRoot = "";
			targets = (
				D5D8BE3B25BF18F20066CF30 /* seximal */,
			);
		};
/* End PBXProject section */

/* Begin PBXResourcesBuildPhase section */
		D5D8BE3A25BF18F20066CF30 /* Resources */ = {
			isa = PBXResourcesBuildPhase;
			buildActionMask = 2147483647;
			files = (
				D5D8BE4725BF18F30066CF30 /* Preview Assets.xcassets in Resources */,
				D5D8BE4425BF18F30066CF30 /* Assets.xcassets in Resources */,
			);
			runOnlyForDeploymentPostprocessing = 0;
		};
/* End PBXResourcesBuildPhase section */

/* Begin PBXSourcesBuildPhase section */
		D5D8BE3825BF18F20066CF30 /* Sources */ = {
			isa = PBXSourcesBuildPhase;
			buildActionMask = 2147483647;
			files = (
				D5F6BE6125C0396600E37D72 /* MonthView.swift in Sources */,
				D5D8BE5025BF19450066CF30 /* NumberConverterView.swift in Sources */,
				D5D8BE6325BF2B5E0066CF30 /* Pronounciator.swift in Sources */,
				D5D8BE5925BF1B110066CF30 /* ConverterListView.swift in Sources */,
				D5D8BE4225BF18F20066CF30 /* ContentView.swift in Sources */,
				D5B5725825C058C7003087FA /* LengthUnit.swift in Sources */,
				D5B5725525C05709003087FA /* LengthConverterView.swift in Sources */,
				D5D8BE5325BF1A4C0066CF30 /* CalculaturView.swift in Sources */,
				D542ABDC25C1929E0090E4AA /* Calculator.swift in Sources */,
				D599104725C32F3500A8C571 /* CalculatorAction.swift in Sources */,
				D52CD64526170F8E00A2FF81 /* SeximalNumbers.swift in Sources */,
				D5D8BE4025BF18F20066CF30 /* seximalApp.swift in Sources */,
				D5D8BE6025BF1EE90066CF30 /* CCCConverterView.swift in Sources */,
				D5D8BE5D25BF1C3A0066CF30 /* Base.swift in Sources */,
				D542ABD525C17F9F0090E4AA /* Optional+Ternary.swift in Sources */,
				D572F54D25BF7FE000BD3CE8 /* SexTimeView.swift in Sources */,
				D50E69A525C41BA100B054BB /* SceneDelegate.swift in Sources */,
				D5D8BE5625BF1A620066CF30 /* AboutView.swift in Sources */,
			);
			runOnlyForDeploymentPostprocessing = 0;
		};
/* End PBXSourcesBuildPhase section */

/* Begin XCBuildConfiguration section */
		D5D8BE4925BF18F30066CF30 /* Debug */ = {
			isa = XCBuildConfiguration;
			buildSettings = {
				ALWAYS_SEARCH_USER_PATHS = NO;
				CLANG_ANALYZER_NONNULL = YES;
				CLANG_ANALYZER_NUMBER_OBJECT_CONVERSION = YES_AGGRESSIVE;
				CLANG_CXX_LANGUAGE_STANDARD = "gnu++14";
				CLANG_CXX_LIBRARY = "libc++";
				CLANG_ENABLE_MODULES = YES;
				CLANG_ENABLE_OBJC_ARC = YES;
				CLANG_ENABLE_OBJC_WEAK = YES;
				CLANG_WARN_BLOCK_CAPTURE_AUTORELEASING = YES;
				CLANG_WARN_BOOL_CONVERSION = YES;
				CLANG_WARN_COMMA = YES;
				CLANG_WARN_CONSTANT_CONVERSION = YES;
				CLANG_WARN_DEPRECATED_OBJC_IMPLEMENTATIONS = YES;
				CLANG_WARN_DIRECT_OBJC_ISA_USAGE = YES_ERROR;
				CLANG_WARN_DOCUMENTATION_COMMENTS = YES;
				CLANG_WARN_EMPTY_BODY = YES;
				CLANG_WARN_ENUM_CONVERSION = YES;
				CLANG_WARN_INFINITE_RECURSION = YES;
				CLANG_WARN_INT_CONVERSION = YES;
				CLANG_WARN_NON_LITERAL_NULL_CONVERSION = YES;
				CLANG_WARN_OBJC_IMPLICIT_RETAIN_SELF = YES;
				CLANG_WARN_OBJC_LITERAL_CONVERSION = YES;
				CLANG_WARN_OBJC_ROOT_CLASS = YES_ERROR;
				CLANG_WARN_QUOTED_INCLUDE_IN_FRAMEWORK_HEADER = YES;
				CLANG_WARN_RANGE_LOOP_ANALYSIS = YES;
				CLANG_WARN_STRICT_PROTOTYPES = YES;
				CLANG_WARN_SUSPICIOUS_MOVE = YES;
				CLANG_WARN_UNGUARDED_AVAILABILITY = YES_AGGRESSIVE;
				CLANG_WARN_UNREACHABLE_CODE = YES;
				CLANG_WARN__DUPLICATE_METHOD_MATCH = YES;
				COPY_PHASE_STRIP = NO;
				DEBUG_INFORMATION_FORMAT = dwarf;
				ENABLE_STRICT_OBJC_MSGSEND = YES;
				ENABLE_TESTABILITY = YES;
				GCC_C_LANGUAGE_STANDARD = gnu11;
				GCC_DYNAMIC_NO_PIC = NO;
				GCC_NO_COMMON_BLOCKS = YES;
				GCC_OPTIMIZATION_LEVEL = 0;
				GCC_PREPROCESSOR_DEFINITIONS = (
					"DEBUG=1",
					"$(inherited)",
				);
				GCC_WARN_64_TO_32_BIT_CONVERSION = YES;
				GCC_WARN_ABOUT_RETURN_TYPE = YES_ERROR;
				GCC_WARN_UNDECLARED_SELECTOR = YES;
				GCC_WARN_UNINITIALIZED_AUTOS = YES_AGGRESSIVE;
				GCC_WARN_UNUSED_FUNCTION = YES;
				GCC_WARN_UNUSED_VARIABLE = YES;
				IPHONEOS_DEPLOYMENT_TARGET = 14.3;
				MTL_ENABLE_DEBUG_INFO = INCLUDE_SOURCE;
				MTL_FAST_MATH = YES;
				ONLY_ACTIVE_ARCH = YES;
				SDKROOT = iphoneos;
				SWIFT_ACTIVE_COMPILATION_CONDITIONS = DEBUG;
				SWIFT_OPTIMIZATION_LEVEL = "-Onone";
			};
			name = Debug;
		};
		D5D8BE4A25BF18F30066CF30 /* Release */ = {
			isa = XCBuildConfiguration;
			buildSettings = {
				ALWAYS_SEARCH_USER_PATHS = NO;
				CLANG_ANALYZER_NONNULL = YES;
				CLANG_ANALYZER_NUMBER_OBJECT_CONVERSION = YES_AGGRESSIVE;
				CLANG_CXX_LANGUAGE_STANDARD = "gnu++14";
				CLANG_CXX_LIBRARY = "libc++";
				CLANG_ENABLE_MODULES = YES;
				CLANG_ENABLE_OBJC_ARC = YES;
				CLANG_ENABLE_OBJC_WEAK = YES;
				CLANG_WARN_BLOCK_CAPTURE_AUTORELEASING = YES;
				CLANG_WARN_BOOL_CONVERSION = YES;
				CLANG_WARN_COMMA = YES;
				CLANG_WARN_CONSTANT_CONVERSION = YES;
				CLANG_WARN_DEPRECATED_OBJC_IMPLEMENTATIONS = YES;
				CLANG_WARN_DIRECT_OBJC_ISA_USAGE = YES_ERROR;
				CLANG_WARN_DOCUMENTATION_COMMENTS = YES;
				CLANG_WARN_EMPTY_BODY = YES;
				CLANG_WARN_ENUM_CONVERSION = YES;
				CLANG_WARN_INFINITE_RECURSION = YES;
				CLANG_WARN_INT_CONVERSION = YES;
				CLANG_WARN_NON_LITERAL_NULL_CONVERSION = YES;
				CLANG_WARN_OBJC_IMPLICIT_RETAIN_SELF = YES;
				CLANG_WARN_OBJC_LITERAL_CONVERSION = YES;
				CLANG_WARN_OBJC_ROOT_CLASS = YES_ERROR;
				CLANG_WARN_QUOTED_INCLUDE_IN_FRAMEWORK_HEADER = YES;
				CLANG_WARN_RANGE_LOOP_ANALYSIS = YES;
				CLANG_WARN_STRICT_PROTOTYPES = YES;
				CLANG_WARN_SUSPICIOUS_MOVE = YES;
				CLANG_WARN_UNGUARDED_AVAILABILITY = YES_AGGRESSIVE;
				CLANG_WARN_UNREACHABLE_CODE = YES;
				CLANG_WARN__DUPLICATE_METHOD_MATCH = YES;
				COPY_PHASE_STRIP = NO;
				DEBUG_INFORMATION_FORMAT = "dwarf-with-dsym";
				ENABLE_NS_ASSERTIONS = NO;
				ENABLE_STRICT_OBJC_MSGSEND = YES;
				GCC_C_LANGUAGE_STANDARD = gnu11;
				GCC_NO_COMMON_BLOCKS = YES;
				GCC_WARN_64_TO_32_BIT_CONVERSION = YES;
				GCC_WARN_ABOUT_RETURN_TYPE = YES_ERROR;
				GCC_WARN_UNDECLARED_SELECTOR = YES;
				GCC_WARN_UNINITIALIZED_AUTOS = YES_AGGRESSIVE;
				GCC_WARN_UNUSED_FUNCTION = YES;
				GCC_WARN_UNUSED_VARIABLE = YES;
				IPHONEOS_DEPLOYMENT_TARGET = 14.3;
				MTL_ENABLE_DEBUG_INFO = NO;
				MTL_FAST_MATH = YES;
				SDKROOT = iphoneos;
				SWIFT_COMPILATION_MODE = wholemodule;
				SWIFT_OPTIMIZATION_LEVEL = "-O";
				VALIDATE_PRODUCT = YES;
			};
			name = Release;
		};
		D5D8BE4C25BF18F30066CF30 /* Debug */ = {
			isa = XCBuildConfiguration;
			buildSettings = {
				ASSETCATALOG_COMPILER_APPICON_NAME = AppIcon;
				ASSETCATALOG_COMPILER_GLOBAL_ACCENT_COLOR_NAME = AccentColor;
				CODE_SIGN_ENTITLEMENTS = seximal/seximal.entitlements;
				CODE_SIGN_STYLE = Automatic;
				CURRENT_PROJECT_VERSION = 7;
				DEVELOPMENT_ASSET_PATHS = "\"seximal/Preview Content\"";
				DEVELOPMENT_TEAM = E3BNAMEWTS;
				ENABLE_PREVIEWS = YES;
				INFOPLIST_FILE = seximal/Info.plist;
				IPHONEOS_DEPLOYMENT_TARGET = 14.0;
				LD_RUNPATH_SEARCH_PATHS = (
					"$(inherited)",
					"@executable_path/Frameworks",
				);
				MARKETING_VERSION = 1.1;
				PRODUCT_BUNDLE_IDENTIFIER = me.thisIsTheFoxe.seximal;
				PRODUCT_NAME = "$(TARGET_NAME)";
				SUPPORTS_MACCATALYST = YES;
				SUPPORTS_MAC_DESIGNED_FOR_IPHONE_IPAD = YES;
				SWIFT_VERSION = 5.0;
				TARGETED_DEVICE_FAMILY = "1,2,6";
			};
			name = Debug;
		};
		D5D8BE4D25BF18F30066CF30 /* Release */ = {
			isa = XCBuildConfiguration;
			buildSettings = {
				ASSETCATALOG_COMPILER_APPICON_NAME = AppIcon;
				ASSETCATALOG_COMPILER_GLOBAL_ACCENT_COLOR_NAME = AccentColor;
				CODE_SIGN_ENTITLEMENTS = seximal/seximal.entitlements;
				CODE_SIGN_STYLE = Automatic;
				CURRENT_PROJECT_VERSION = 7;
				DEVELOPMENT_ASSET_PATHS = "\"seximal/Preview Content\"";
				DEVELOPMENT_TEAM = E3BNAMEWTS;
				ENABLE_PREVIEWS = YES;
				INFOPLIST_FILE = seximal/Info.plist;
				IPHONEOS_DEPLOYMENT_TARGET = 14.0;
				LD_RUNPATH_SEARCH_PATHS = (
					"$(inherited)",
					"@executable_path/Frameworks",
				);
				MARKETING_VERSION = 1.1;
				PRODUCT_BUNDLE_IDENTIFIER = me.thisIsTheFoxe.seximal;
				PRODUCT_NAME = "$(TARGET_NAME)";
				SUPPORTS_MACCATALYST = YES;
				SUPPORTS_MAC_DESIGNED_FOR_IPHONE_IPAD = YES;
				SWIFT_VERSION = 5.0;
				TARGETED_DEVICE_FAMILY = "1,2,6";
			};
			name = Release;
		};
/* End XCBuildConfiguration section */

/* Begin XCConfigurationList section */
		D5D8BE3725BF18F20066CF30 /* Build configuration list for PBXProject "seximal" */ = {
			isa = XCConfigurationList;
			buildConfigurations = (
				D5D8BE4925BF18F30066CF30 /* Debug */,
				D5D8BE4A25BF18F30066CF30 /* Release */,
			);
			defaultConfigurationIsVisible = 0;
			defaultConfigurationName = Release;
		};
		D5D8BE4B25BF18F30066CF30 /* Build configuration list for PBXNativeTarget "seximal" */ = {
			isa = XCConfigurationList;
			buildConfigurations = (
				D5D8BE4C25BF18F30066CF30 /* Debug */,
				D5D8BE4D25BF18F30066CF30 /* Release */,
			);
			defaultConfigurationIsVisible = 0;
			defaultConfigurationName = Release;
		};
/* End XCConfigurationList section */
	};
	rootObject = D5D8BE3425BF18F20066CF30 /* Project object */;
}
